// !$*UTF8*$!
{
	archiveVersion = 1;
	classes = {
	};
	objectVersion = 46;
	objects = {

/* Begin PBXBuildFile section */
		337B656D18FCE48E004B4B6E /* Foundation.framework in Frameworks */ = {isa = PBXBuildFile; fileRef = 337B656C18FCE48E004B4B6E /* Foundation.framework */; };
		337B656F18FCE48E004B4B6E /* CoreGraphics.framework in Frameworks */ = {isa = PBXBuildFile; fileRef = 337B656E18FCE48E004B4B6E /* CoreGraphics.framework */; };
		337B657118FCE48E004B4B6E /* UIKit.framework in Frameworks */ = {isa = PBXBuildFile; fileRef = 337B657018FCE48E004B4B6E /* UIKit.framework */; };
		337B657718FCE48E004B4B6E /* InfoPlist.strings in Resources */ = {isa = PBXBuildFile; fileRef = 337B657518FCE48E004B4B6E /* InfoPlist.strings */; };
		337B657918FCE48E004B4B6E /* main.m in Sources */ = {isa = PBXBuildFile; fileRef = 337B657818FCE48E004B4B6E /* main.m */; };
		337B657D18FCE48E004B4B6E /* JsonParseAppDelegate.m in Sources */ = {isa = PBXBuildFile; fileRef = 337B657C18FCE48E004B4B6E /* JsonParseAppDelegate.m */; };
		337B658018FCE48E004B4B6E /* Main.storyboard in Resources */ = {isa = PBXBuildFile; fileRef = 337B657E18FCE48E004B4B6E /* Main.storyboard */; };
		337B658318FCE48E004B4B6E /* JsonParseViewController.m in Sources */ = {isa = PBXBuildFile; fileRef = 337B658218FCE48E004B4B6E /* JsonParseViewController.m */; };
		337B658518FCE48E004B4B6E /* Images.xcassets in Resources */ = {isa = PBXBuildFile; fileRef = 337B658418FCE48E004B4B6E /* Images.xcassets */; };
		337B658C18FCE48E004B4B6E /* XCTest.framework in Frameworks */ = {isa = PBXBuildFile; fileRef = 337B658B18FCE48E004B4B6E /* XCTest.framework */; };
		337B658D18FCE48E004B4B6E /* Foundation.framework in Frameworks */ = {isa = PBXBuildFile; fileRef = 337B656C18FCE48E004B4B6E /* Foundation.framework */; };
		337B658E18FCE48E004B4B6E /* UIKit.framework in Frameworks */ = {isa = PBXBuildFile; fileRef = 337B657018FCE48E004B4B6E /* UIKit.framework */; };
		337B659618FCE48E004B4B6E /* InfoPlist.strings in Resources */ = {isa = PBXBuildFile; fileRef = 337B659418FCE48E004B4B6E /* InfoPlist.strings */; };
		337B659818FCE48E004B4B6E /* JsonParsePracticeTests.m in Sources */ = {isa = PBXBuildFile; fileRef = 337B659718FCE48E004B4B6E /* JsonParsePracticeTests.m */; };
/* End PBXBuildFile section */

/* Begin PBXContainerItemProxy section */
		337B658F18FCE48E004B4B6E /* PBXContainerItemProxy */ = {
			isa = PBXContainerItemProxy;
			containerPortal = 337B656118FCE48E004B4B6E /* Project object */;
			proxyType = 1;
			remoteGlobalIDString = 337B656818FCE48E004B4B6E;
			remoteInfo = JsonParsePractice;
		};
/* End PBXContainerItemProxy section */

/* Begin PBXFileReference section */
		337B656918FCE48E004B4B6E /* JsonParsePractice.app */ = {isa = PBXFileReference; explicitFileType = wrapper.application; includeInIndex = 0; path = JsonParsePractice.app; sourceTree = BUILT_PRODUCTS_DIR; };
		337B656C18FCE48E004B4B6E /* Foundation.framework */ = {isa = PBXFileReference; lastKnownFileType = wrapper.framework; name = Foundation.framework; path = System/Library/Frameworks/Foundation.framework; sourceTree = SDKROOT; };
		337B656E18FCE48E004B4B6E /* CoreGraphics.framework */ = {isa = PBXFileReference; lastKnownFileType = wrapper.framework; name = CoreGraphics.framework; path = System/Library/Frameworks/CoreGraphics.framework; sourceTree = SDKROOT; };
		337B657018FCE48E004B4B6E /* UIKit.framework */ = {isa = PBXFileReference; lastKnownFileType = wrapper.framework; name = UIKit.framework; path = System/Library/Frameworks/UIKit.framework; sourceTree = SDKROOT; };
		337B657418FCE48E004B4B6E /* JsonParsePractice-Info.plist */ = {isa = PBXFileReference; lastKnownFileType = text.plist.xml; path = "JsonParsePractice-Info.plist"; sourceTree = "<group>"; };
		337B657618FCE48E004B4B6E /* en */ = {isa = PBXFileReference; lastKnownFileType = text.plist.strings; name = en; path = en.lproj/InfoPlist.strings; sourceTree = "<group>"; };
		337B657818FCE48E004B4B6E /* main.m */ = {isa = PBXFileReference; lastKnownFileType = sourcecode.c.objc; path = main.m; sourceTree = "<group>"; };
		337B657A18FCE48E004B4B6E /* JsonParsePractice-Prefix.pch */ = {isa = PBXFileReference; lastKnownFileType = sourcecode.c.h; path = "JsonParsePractice-Prefix.pch"; sourceTree = "<group>"; };
		337B657B18FCE48E004B4B6E /* JsonParseAppDelegate.h */ = {isa = PBXFileReference; lastKnownFileType = sourcecode.c.h; path = JsonParseAppDelegate.h; sourceTree = "<group>"; };
		337B657C18FCE48E004B4B6E /* JsonParseAppDelegate.m */ = {isa = PBXFileReference; lastKnownFileType = sourcecode.c.objc; path = JsonParseAppDelegate.m; sourceTree = "<group>"; };
		337B657F18FCE48E004B4B6E /* Base */ = {isa = PBXFileReference; lastKnownFileType = file.storyboard; name = Base; path = Base.lproj/Main.storyboard; sourceTree = "<group>"; };
		337B658118FCE48E004B4B6E /* JsonParseViewController.h */ = {isa = PBXFileReference; lastKnownFileType = sourcecode.c.h; path = JsonParseViewController.h; sourceTree = "<group>"; };
		337B658218FCE48E004B4B6E /* JsonParseViewController.m */ = {isa = PBXFileReference; lastKnownFileType = sourcecode.c.objc; path = JsonParseViewController.m; sourceTree = "<group>"; };
		337B658418FCE48E004B4B6E /* Images.xcassets */ = {isa = PBXFileReference; lastKnownFileType = folder.assetcatalog; path = Images.xcassets; sourceTree = "<group>"; };
		337B658A18FCE48E004B4B6E /* JsonParsePracticeTests.xctest */ = {isa = PBXFileReference; explicitFileType = wrapper.cfbundle; includeInIndex = 0; path = JsonParsePracticeTests.xctest; sourceTree = BUILT_PRODUCTS_DIR; };
		337B658B18FCE48E004B4B6E /* XCTest.framework */ = {isa = PBXFileReference; lastKnownFileType = wrapper.framework; name = XCTest.framework; path = Library/Frameworks/XCTest.framework; sourceTree = DEVELOPER_DIR; };
		337B659318FCE48E004B4B6E /* JsonParsePracticeTests-Info.plist */ = {isa = PBXFileReference; lastKnownFileType = text.plist.xml; path = "JsonParsePracticeTests-Info.plist"; sourceTree = "<group>"; };
		337B659518FCE48E004B4B6E /* en */ = {isa = PBXFileReference; lastKnownFileType = text.plist.strings; name = en; path = en.lproj/InfoPlist.strings; sourceTree = "<group>"; };
		337B659718FCE48E004B4B6E /* JsonParsePracticeTests.m */ = {isa = PBXFileReference; lastKnownFileType = sourcecode.c.objc; path = JsonParsePracticeTests.m; sourceTree = "<group>"; };
/* End PBXFileReference section */

/* Begin PBXFrameworksBuildPhase section */
		337B656618FCE48E004B4B6E /* Frameworks */ = {
			isa = PBXFrameworksBuildPhase;
			buildActionMask = 2147483647;
			files = (
				337B656F18FCE48E004B4B6E /* CoreGraphics.framework in Frameworks */,
				337B657118FCE48E004B4B6E /* UIKit.framework in Frameworks */,
				337B656D18FCE48E004B4B6E /* Foundation.framework in Frameworks */,
			);
			runOnlyForDeploymentPostprocessing = 0;
		};
		337B658718FCE48E004B4B6E /* Frameworks */ = {
			isa = PBXFrameworksBuildPhase;
			buildActionMask = 2147483647;
			files = (
				337B658C18FCE48E004B4B6E /* XCTest.framework in Frameworks */,
				337B658E18FCE48E004B4B6E /* UIKit.framework in Frameworks */,
				337B658D18FCE48E004B4B6E /* Foundation.framework in Frameworks */,
			);
			runOnlyForDeploymentPostprocessing = 0;
		};
/* End PBXFrameworksBuildPhase section */

/* Begin PBXGroup section */
		337B656018FCE48E004B4B6E = {
			isa = PBXGroup;
			children = (
				337B657218FCE48E004B4B6E /* JsonParsePractice */,
				337B659118FCE48E004B4B6E /* JsonParsePracticeTests */,
				337B656B18FCE48E004B4B6E /* Frameworks */,
				337B656A18FCE48E004B4B6E /* Products */,
			);
			sourceTree = "<group>";
		};
		337B656A18FCE48E004B4B6E /* Products */ = {
			isa = PBXGroup;
			children = (
				337B656918FCE48E004B4B6E /* JsonParsePractice.app */,
				337B658A18FCE48E004B4B6E /* JsonParsePracticeTests.xctest */,
			);
			name = Products;
			sourceTree = "<group>";
		};
		337B656B18FCE48E004B4B6E /* Frameworks */ = {
			isa = PBXGroup;
			children = (
				337B656C18FCE48E004B4B6E /* Foundation.framework */,
				337B656E18FCE48E004B4B6E /* CoreGraphics.framework */,
				337B657018FCE48E004B4B6E /* UIKit.framework */,
				337B658B18FCE48E004B4B6E /* XCTest.framework */,
			);
			name = Frameworks;
			sourceTree = "<group>";
		};
		337B657218FCE48E004B4B6E /* JsonParsePractice */ = {
			isa = PBXGroup;
			children = (
				337B657B18FCE48E004B4B6E /* JsonParseAppDelegate.h */,
				337B657C18FCE48E004B4B6E /* JsonParseAppDelegate.m */,
				337B657E18FCE48E004B4B6E /* Main.storyboard */,
				337B658118FCE48E004B4B6E /* JsonParseViewController.h */,
				337B658218FCE48E004B4B6E /* JsonParseViewController.m */,
				337B658418FCE48E004B4B6E /* Images.xcassets */,
				337B657318FCE48E004B4B6E /* Supporting Files */,
			);
			path = JsonParsePractice;
			sourceTree = "<group>";
		};
		337B657318FCE48E004B4B6E /* Supporting Files */ = {
			isa = PBXGroup;
			children = (
				337B657418FCE48E004B4B6E /* JsonParsePractice-Info.plist */,
				337B657518FCE48E004B4B6E /* InfoPlist.strings */,
				337B657818FCE48E004B4B6E /* main.m */,
				337B657A18FCE48E004B4B6E /* JsonParsePractice-Prefix.pch */,
			);
			name = "Supporting Files";
			sourceTree = "<group>";
		};
		337B659118FCE48E004B4B6E /* JsonParsePracticeTests */ = {
			isa = PBXGroup;
			children = (
				337B659718FCE48E004B4B6E /* JsonParsePracticeTests.m */,
				337B659218FCE48E004B4B6E /* Supporting Files */,
			);
			path = JsonParsePracticeTests;
			sourceTree = "<group>";
		};
		337B659218FCE48E004B4B6E /* Supporting Files */ = {
			isa = PBXGroup;
			children = (
				337B659318FCE48E004B4B6E /* JsonParsePracticeTests-Info.plist */,
				337B659418FCE48E004B4B6E /* InfoPlist.strings */,
			);
			name = "Supporting Files";
			sourceTree = "<group>";
		};
/* End PBXGroup section */

/* Begin PBXNativeTarget section */
		337B656818FCE48E004B4B6E /* JsonParsePractice */ = {
			isa = PBXNativeTarget;
			buildConfigurationList = 337B659B18FCE48E004B4B6E /* Build configuration list for PBXNativeTarget "JsonParsePractice" */;
			buildPhases = (
				337B656518FCE48E004B4B6E /* Sources */,
				337B656618FCE48E004B4B6E /* Frameworks */,
				337B656718FCE48E004B4B6E /* Resources */,
			);
			buildRules = (
			);
			dependencies = (
			);
			name = JsonParsePractice;
			productName = JsonParsePractice;
			productReference = 337B656918FCE48E004B4B6E /* JsonParsePractice.app */;
			productType = "com.apple.product-type.application";
		};
		337B658918FCE48E004B4B6E /* JsonParsePracticeTests */ = {
			isa = PBXNativeTarget;
			buildConfigurationList = 337B659E18FCE48E004B4B6E /* Build configuration list for PBXNativeTarget "JsonParsePracticeTests" */;
			buildPhases = (
				337B658618FCE48E004B4B6E /* Sources */,
				337B658718FCE48E004B4B6E /* Frameworks */,
				337B658818FCE48E004B4B6E /* Resources */,
			);
			buildRules = (
			);
			dependencies = (
				337B659018FCE48E004B4B6E /* PBXTargetDependency */,
			);
			name = JsonParsePracticeTests;
			productName = JsonParsePracticeTests;
			productReference = 337B658A18FCE48E004B4B6E /* JsonParsePracticeTests.xctest */;
			productType = "com.apple.product-type.bundle.unit-test";
		};
/* End PBXNativeTarget section */

/* Begin PBXProject section */
		337B656118FCE48E004B4B6E /* Project object */ = {
			isa = PBXProject;
			attributes = {
				CLASSPREFIX = JsonParse;
				LastUpgradeCheck = 0510;
				ORGANIZATIONNAME = "Thor Lin";
				TargetAttributes = {
					337B658918FCE48E004B4B6E = {
						TestTargetID = 337B656818FCE48E004B4B6E;
					};
				};
			};
			buildConfigurationList = 337B656418FCE48E004B4B6E /* Build configuration list for PBXProject "JsonParsePractice" */;
			compatibilityVersion = "Xcode 3.2";
			developmentRegion = English;
			hasScannedForEncodings = 0;
			knownRegions = (
				en,
				Base,
			);
			mainGroup = 337B656018FCE48E004B4B6E;
			productRefGroup = 337B656A18FCE48E004B4B6E /* Products */;
			projectDirPath = "";
			projectRoot = "";
			targets = (
				337B656818FCE48E004B4B6E /* JsonParsePractice */,
				337B658918FCE48E004B4B6E /* JsonParsePracticeTests */,
			);
		};
/* End PBXProject section */

/* Begin PBXResourcesBuildPhase section */
		337B656718FCE48E004B4B6E /* Resources */ = {
			isa = PBXResourcesBuildPhase;
			buildActionMask = 2147483647;
			files = (
				337B658518FCE48E004B4B6E /* Images.xcassets in Resources */,
				337B657718FCE48E004B4B6E /* InfoPlist.strings in Resources */,
				337B658018FCE48E004B4B6E /* Main.storyboard in Resources */,
			);
			runOnlyForDeploymentPostprocessing = 0;
		};
		337B658818FCE48E004B4B6E /* Resources */ = {
			isa = PBXResourcesBuildPhase;
			buildActionMask = 2147483647;
			files = (
				337B659618FCE48E004B4B6E /* InfoPlist.strings in Resources */,
			);
			runOnlyForDeploymentPostprocessing = 0;
		};
/* End PBXResourcesBuildPhase section */

/* Begin PBXSourcesBuildPhase section */
		337B656518FCE48E004B4B6E /* Sources */ = {
			isa = PBXSourcesBuildPhase;
			buildActionMask = 2147483647;
			files = (
				337B657D18FCE48E004B4B6E /* JsonParseAppDelegate.m in Sources */,
				337B657918FCE48E004B4B6E /* main.m in Sources */,
				337B658318FCE48E004B4B6E /* JsonParseViewController.m in Sources */,
			);
			runOnlyForDeploymentPostprocessing = 0;
		};
		337B658618FCE48E004B4B6E /* Sources */ = {
			isa = PBXSourcesBuildPhase;
			buildActionMask = 2147483647;
			files = (
				337B659818FCE48E004B4B6E /* JsonParsePracticeTests.m in Sources */,
			);
			runOnlyForDeploymentPostprocessing = 0;
		};
/* End PBXSourcesBuildPhase section */

/* Begin PBXTargetDependency section */
		337B659018FCE48E004B4B6E /* PBXTargetDependency */ = {
			isa = PBXTargetDependency;
			target = 337B656818FCE48E004B4B6E /* JsonParsePractice */;
			targetProxy = 337B658F18FCE48E004B4B6E /* PBXContainerItemProxy */;
		};
/* End PBXTargetDependency section */

/* Begin PBXVariantGroup section */
		337B657518FCE48E004B4B6E /* InfoPlist.strings */ = {
			isa = PBXVariantGroup;
			children = (
				337B657618FCE48E004B4B6E /* en */,
			);
			name = InfoPlist.strings;
			sourceTree = "<group>";
		};
		337B657E18FCE48E004B4B6E /* Main.storyboard */ = {
			isa = PBXVariantGroup;
			children = (
				337B657F18FCE48E004B4B6E /* Base */,
			);
			name = Main.storyboard;
			sourceTree = "<group>";
		};
		337B659418FCE48E004B4B6E /* InfoPlist.strings */ = {
			isa = PBXVariantGroup;
			children = (
				337B659518FCE48E004B4B6E /* en */,
			);
			name = InfoPlist.strings;
			sourceTree = "<group>";
		};
/* End PBXVariantGroup section */

/* Begin XCBuildConfiguration section */
		337B659918FCE48E004B4B6E /* Debug */ = {
			isa = XCBuildConfiguration;
			buildSettings = {
				ALWAYS_SEARCH_USER_PATHS = NO;
				CLANG_CXX_LANGUAGE_STANDARD = "gnu++0x";
				CLANG_CXX_LIBRARY = "libc++";
				CLANG_ENABLE_MODULES = YES;
				CLANG_ENABLE_OBJC_ARC = YES;
				CLANG_WARN_BOOL_CONVERSION = YES;
				CLANG_WARN_CONSTANT_CONVERSION = YES;
				CLANG_WARN_DIRECT_OBJC_ISA_USAGE = YES_ERROR;
				CLANG_WARN_EMPTY_BODY = YES;
				CLANG_WARN_ENUM_CONVERSION = YES;
				CLANG_WARN_INT_CONVERSION = YES;
				CLANG_WARN_OBJC_ROOT_CLASS = YES_ERROR;
				CLANG_WARN__DUPLICATE_METHOD_MATCH = YES;
				"CODE_SIGN_IDENTITY[sdk=iphoneos*]" = "iPhone Developer";
				COPY_PHASE_STRIP = NO;
				GCC_C_LANGUAGE_STANDARD = gnu99;
				GCC_DYNAMIC_NO_PIC = NO;
				GCC_OPTIMIZATION_LEVEL = 0;
				GCC_PREPROCESSOR_DEFINITIONS = (
					"DEBUG=1",
					"$(inherited)",
				);
				GCC_SYMBOLS_PRIVATE_EXTERN = NO;
				GCC_WARN_64_TO_32_BIT_CONVERSION = YES;
				GCC_WARN_ABOUT_RETURN_TYPE = YES_ERROR;
				GCC_WARN_UNDECLARED_SELECTOR = YES;
				GCC_WARN_UNINITIALIZED_AUTOS = YES_AGGRESSIVE;
				GCC_WARN_UNUSED_FUNCTION = YES;
				GCC_WARN_UNUSED_VARIABLE = YES;
				IPHONEOS_DEPLOYMENT_TARGET = 7.1;
				ONLY_ACTIVE_ARCH = YES;
				SDKROOT = iphoneos;
			};
			name = Debug;
		};
		337B659A18FCE48E004B4B6E /* Release */ = {
			isa = XCBuildConfiguration;
			buildSettings = {
				ALWAYS_SEARCH_USER_PATHS = NO;
				CLANG_CXX_LANGUAGE_STANDARD = "gnu++0x";
				CLANG_CXX_LIBRARY = "libc++";
				CLANG_ENABLE_MODULES = YES;
				CLANG_ENABLE_OBJC_ARC = YES;
				CLANG_WARN_BOOL_CONVERSION = YES;
				CLANG_WARN_CONSTANT_CONVERSION = YES;
				CLANG_WARN_DIRECT_OBJC_ISA_USAGE = YES_ERROR;
				CLANG_WARN_EMPTY_BODY = YES;
				CLANG_WARN_ENUM_CONVERSION = YES;
				CLANG_WARN_INT_CONVERSION = YES;
				CLANG_WARN_OBJC_ROOT_CLASS = YES_ERROR;
				CLANG_WARN__DUPLICATE_METHOD_MATCH = YES;
				"CODE_SIGN_IDENTITY[sdk=iphoneos*]" = "iPhone Developer";
				COPY_PHASE_STRIP = YES;
				ENABLE_NS_ASSERTIONS = NO;
				GCC_C_LANGUAGE_STANDARD = gnu99;
				GCC_WARN_64_TO_32_BIT_CONVERSION = YES;
				GCC_WARN_ABOUT_RETURN_TYPE = YES_ERROR;
				GCC_WARN_UNDECLARED_SELECTOR = YES;
				GCC_WARN_UNINITIALIZED_AUTOS = YES_AGGRESSIVE;
				GCC_WARN_UNUSED_FUNCTION = YES;
				GCC_WARN_UNUSED_VARIABLE = YES;
				IPHONEOS_DEPLOYMENT_TARGET = 7.1;
				SDKROOT = iphoneos;
				VALIDATE_PRODUCT = YES;
			};
			name = Release;
		};
		337B659C18FCE48E004B4B6E /* Debug */ = {
			isa = XCBuildConfiguration;
			buildSettings = {
				ASSETCATALOG_COMPILER_APPICON_NAME = AppIcon;
				ASSETCATALOG_COMPILER_LAUNCHIMAGE_NAME = LaunchImage;
				GCC_PRECOMPILE_PREFIX_HEADER = YES;
				GCC_PREFIX_HEADER = "JsonParsePractice/JsonParsePractice-Prefix.pch";
				INFOPLIST_FILE = "JsonParsePractice/JsonParsePractice-Info.plist";
				PRODUCT_NAME = "$(TARGET_NAME)";
				WRAPPER_EXTENSION = app;
			};
			name = Debug;
		};
		337B659D18FCE48E004B4B6E /* Release */ = {
			isa = XCBuildConfiguration;
			buildSettings = {
				ASSETCATALOG_COMPILER_APPICON_NAME = AppIcon;
				ASSETCATALOG_COMPILER_LAUNCHIMAGE_NAME = LaunchImage;
				GCC_PRECOMPILE_PREFIX_HEADER = YES;
				GCC_PREFIX_HEADER = "JsonParsePractice/JsonParsePractice-Prefix.pch";
				INFOPLIST_FILE = "JsonParsePractice/JsonParsePractice-Info.plist";
				PRODUCT_NAME = "$(TARGET_NAME)";
				WRAPPER_EXTENSION = app;
			};
			name = Release;
		};
		337B659F18FCE48E004B4B6E /* Debug */ = {
			isa = XCBuildConfiguration;
			buildSettings = {
				BUNDLE_LOADER = "$(BUILT_PRODUCTS_DIR)/JsonParsePractice.app/JsonParsePractice";
				FRAMEWORK_SEARCH_PATHS = (
					"$(SDKROOT)/Developer/Library/Frameworks",
					"$(inherited)",
					"$(DEVELOPER_FRAMEWORKS_DIR)",
				);
				GCC_PRECOMPILE_PREFIX_HEADER = YES;
				GCC_PREFIX_HEADER = "JsonParsePractice/JsonParsePractice-Prefix.pch";
				GCC_PREPROCESSOR_DEFINITIONS = (
					"DEBUG=1",
					"$(inherited)",
				);
				INFOPLIST_FILE = "JsonParsePracticeTests/JsonParsePracticeTests-Info.plist";
				PRODUCT_NAME = "$(TARGET_NAME)";
				TEST_HOST = "$(BUNDLE_LOADER)";
				WRAPPER_EXTENSION = xctest;
			};
			name = Debug;
		};
		337B65A018FCE48E004B4B6E /* Release */ = {
			isa = XCBuildConfiguration;
			buildSettings = {
				BUNDLE_LOADER = "$(BUILT_PRODUCTS_DIR)/JsonParsePractice.app/JsonParsePractice";
				FRAMEWORK_SEARCH_PATHS = (
					"$(SDKROOT)/Developer/Library/Frameworks",
					"$(inherited)",
					"$(DEVELOPER_FRAMEWORKS_DIR)",
				);
				GCC_PRECOMPILE_PREFIX_HEADER = YES;
				GCC_PREFIX_HEADER = "JsonParsePractice/JsonParsePractice-Prefix.pch";
				INFOPLIST_FILE = "JsonParsePracticeTests/JsonParsePracticeTests-Info.plist";
				PRODUCT_NAME = "$(TARGET_NAME)";
				TEST_HOST = "$(BUNDLE_LOADER)";
				WRAPPER_EXTENSION = xctest;
			};
			name = Release;
		};
/* End XCBuildConfiguration section */

/* Begin XCConfigurationList section */
		337B656418FCE48E004B4B6E /* Build configuration list for PBXProject "JsonParsePractice" */ = {
			isa = XCConfigurationList;
			buildConfigurations = (
				337B659918FCE48E004B4B6E /* Debug */,
				337B659A18FCE48E004B4B6E /* Release */,
			);
			defaultConfigurationIsVisible = 0;
			defaultConfigurationName = Release;
		};
		337B659B18FCE48E004B4B6E /* Build configuration list for PBXNativeTarget "JsonParsePractice" */ = {
			isa = XCConfigurationList;
			buildConfigurations = (
				337B659C18FCE48E004B4B6E /* Debug */,
				337B659D18FCE48E004B4B6E /* Release */,
			);
			defaultConfigurationIsVisible = 0;
		};
		337B659E18FCE48E004B4B6E /* Build configuration list for PBXNativeTarget "JsonParsePracticeTests" */ = {
			isa = XCConfigurationList;
			buildConfigurations = (
				337B659F18FCE48E004B4B6E /* Debug */,
				337B65A018FCE48E004B4B6E /* Release */,
			);
			defaultConfigurationIsVisible = 0;
		};
/* End XCConfigurationList section */
	};
	rootObject = 337B656118FCE48E004B4B6E /* Project object */;
}
