// !$*UTF8*$!
{
	archiveVersion = 1;
	classes = {
	};
	objectVersion = 46;
	objects = {

/* Begin PBXBuildFile section */
		3397CFD4176E0770001485FB /* UIKit.framework in Frameworks */ = {isa = PBXBuildFile; fileRef = 3397CFD3176E0770001485FB /* UIKit.framework */; };
		3397CFD6176E0770001485FB /* Foundation.framework in Frameworks */ = {isa = PBXBuildFile; fileRef = 3397CFD5176E0770001485FB /* Foundation.framework */; };
		3397CFD8176E0770001485FB /* CoreGraphics.framework in Frameworks */ = {isa = PBXBuildFile; fileRef = 3397CFD7176E0770001485FB /* CoreGraphics.framework */; };
		3397CFDE176E0770001485FB /* InfoPlist.strings in Resources */ = {isa = PBXBuildFile; fileRef = 3397CFDC176E0770001485FB /* InfoPlist.strings */; };
		3397CFE0176E0770001485FB /* main.m in Sources */ = {isa = PBXBuildFile; fileRef = 3397CFDF176E0770001485FB /* main.m */; };
		3397CFE4176E0770001485FB /* AppDelegate.m in Sources */ = {isa = PBXBuildFile; fileRef = 3397CFE3176E0770001485FB /* AppDelegate.m */; };
		3397CFE6176E0770001485FB /* Default.png in Resources */ = {isa = PBXBuildFile; fileRef = 3397CFE5176E0770001485FB /* Default.png */; };
		3397CFE8176E0770001485FB /* Default@2x.png in Resources */ = {isa = PBXBuildFile; fileRef = 3397CFE7176E0770001485FB /* Default@2x.png */; };
		3397CFEA176E0770001485FB /* Default-568h@2x.png in Resources */ = {isa = PBXBuildFile; fileRef = 3397CFE9176E0770001485FB /* Default-568h@2x.png */; };
		3397CFED176E0770001485FB /* MainStoryboard.storyboard in Resources */ = {isa = PBXBuildFile; fileRef = 3397CFEB176E0770001485FB /* MainStoryboard.storyboard */; };
		3397CFF0176E0770001485FB /* ViewController.m in Sources */ = {isa = PBXBuildFile; fileRef = 3397CFEF176E0770001485FB /* ViewController.m */; };
/* End PBXBuildFile section */

/* Begin PBXFileReference section */
		3397CFD0176E0770001485FB /* ForGithubTest.app */ = {isa = PBXFileReference; explicitFileType = wrapper.application; includeInIndex = 0; path = ForGithubTest.app; sourceTree = BUILT_PRODUCTS_DIR; };
		3397CFD3176E0770001485FB /* UIKit.framework */ = {isa = PBXFileReference; lastKnownFileType = wrapper.framework; name = UIKit.framework; path = System/Library/Frameworks/UIKit.framework; sourceTree = SDKROOT; };
		3397CFD5176E0770001485FB /* Foundation.framework */ = {isa = PBXFileReference; lastKnownFileType = wrapper.framework; name = Foundation.framework; path = System/Library/Frameworks/Foundation.framework; sourceTree = SDKROOT; };
		3397CFD7176E0770001485FB /* CoreGraphics.framework */ = {isa = PBXFileReference; lastKnownFileType = wrapper.framework; name = CoreGraphics.framework; path = System/Library/Frameworks/CoreGraphics.framework; sourceTree = SDKROOT; };
		3397CFDB176E0770001485FB /* ForGithubTest-Info.plist */ = {isa = PBXFileReference; lastKnownFileType = text.plist.xml; path = "ForGithubTest-Info.plist"; sourceTree = "<group>"; };
		3397CFDD176E0770001485FB /* en */ = {isa = PBXFileReference; lastKnownFileType = text.plist.strings; name = en; path = en.lproj/InfoPlist.strings; sourceTree = "<group>"; };
		3397CFDF176E0770001485FB /* main.m */ = {isa = PBXFileReference; lastKnownFileType = sourcecode.c.objc; path = main.m; sourceTree = "<group>"; };
		3397CFE1176E0770001485FB /* ForGithubTest-Prefix.pch */ = {isa = PBXFileReference; lastKnownFileType = sourcecode.c.h; path = "ForGithubTest-Prefix.pch"; sourceTree = "<group>"; };
		3397CFE2176E0770001485FB /* AppDelegate.h */ = {isa = PBXFileReference; lastKnownFileType = sourcecode.c.h; path = AppDelegate.h; sourceTree = "<group>"; };
		3397CFE3176E0770001485FB /* AppDelegate.m */ = {isa = PBXFileReference; lastKnownFileType = sourcecode.c.objc; path = AppDelegate.m; sourceTree = "<group>"; };
		3397CFE5176E0770001485FB /* Default.png */ = {isa = PBXFileReference; lastKnownFileType = image.png; path = Default.png; sourceTree = "<group>"; };
		3397CFE7176E0770001485FB /* Default@2x.png */ = {isa = PBXFileReference; lastKnownFileType = image.png; path = "Default@2x.png"; sourceTree = "<group>"; };
		3397CFE9176E0770001485FB /* Default-568h@2x.png */ = {isa = PBXFileReference; lastKnownFileType = image.png; path = "Default-568h@2x.png"; sourceTree = "<group>"; };
		3397CFEC176E0770001485FB /* en */ = {isa = PBXFileReference; lastKnownFileType = file.storyboard; name = en; path = en.lproj/MainStoryboard.storyboard; sourceTree = "<group>"; };
		3397CFEE176E0770001485FB /* ViewController.h */ = {isa = PBXFileReference; lastKnownFileType = sourcecode.c.h; path = ViewController.h; sourceTree = "<group>"; };
		3397CFEF176E0770001485FB /* ViewController.m */ = {isa = PBXFileReference; lastKnownFileType = sourcecode.c.objc; path = ViewController.m; sourceTree = "<group>"; };
/* End PBXFileReference section */

/* Begin PBXFrameworksBuildPhase section */
		3397CFCD176E0770001485FB /* Frameworks */ = {
			isa = PBXFrameworksBuildPhase;
			buildActionMask = 2147483647;
			files = (
				3397CFD4176E0770001485FB /* UIKit.framework in Frameworks */,
				3397CFD6176E0770001485FB /* Foundation.framework in Frameworks */,
				3397CFD8176E0770001485FB /* CoreGraphics.framework in Frameworks */,
			);
			runOnlyForDeploymentPostprocessing = 0;
		};
/* End PBXFrameworksBuildPhase section */

/* Begin PBXGroup section */
		3397CFC7176E0770001485FB = {
			isa = PBXGroup;
			children = (
				3397CFD9176E0770001485FB /* ForGithubTest */,
				3397CFD2176E0770001485FB /* Frameworks */,
				3397CFD1176E0770001485FB /* Products */,
			);
			sourceTree = "<group>";
		};
		3397CFD1176E0770001485FB /* Products */ = {
			isa = PBXGroup;
			children = (
				3397CFD0176E0770001485FB /* ForGithubTest.app */,
			);
			name = Products;
			sourceTree = "<group>";
		};
		3397CFD2176E0770001485FB /* Frameworks */ = {
			isa = PBXGroup;
			children = (
				3397CFD3176E0770001485FB /* UIKit.framework */,
				3397CFD5176E0770001485FB /* Foundation.framework */,
				3397CFD7176E0770001485FB /* CoreGraphics.framework */,
			);
			name = Frameworks;
			sourceTree = "<group>";
		};
		3397CFD9176E0770001485FB /* ForGithubTest */ = {
			isa = PBXGroup;
			children = (
				3397CFE2176E0770001485FB /* AppDelegate.h */,
				3397CFE3176E0770001485FB /* AppDelegate.m */,
				3397CFEB176E0770001485FB /* MainStoryboard.storyboard */,
				3397CFEE176E0770001485FB /* ViewController.h */,
				3397CFEF176E0770001485FB /* ViewController.m */,
				3397CFDA176E0770001485FB /* Supporting Files */,
			);
			path = ForGithubTest;
			sourceTree = "<group>";
		};
		3397CFDA176E0770001485FB /* Supporting Files */ = {
			isa = PBXGroup;
			children = (
				3397CFDB176E0770001485FB /* ForGithubTest-Info.plist */,
				3397CFDC176E0770001485FB /* InfoPlist.strings */,
				3397CFDF176E0770001485FB /* main.m */,
				3397CFE1176E0770001485FB /* ForGithubTest-Prefix.pch */,
				3397CFE5176E0770001485FB /* Default.png */,
				3397CFE7176E0770001485FB /* Default@2x.png */,
				3397CFE9176E0770001485FB /* Default-568h@2x.png */,
			);
			name = "Supporting Files";
			sourceTree = "<group>";
		};
/* End PBXGroup section */

/* Begin PBXNativeTarget section */
		3397CFCF176E0770001485FB /* ForGithubTest */ = {
			isa = PBXNativeTarget;
			buildConfigurationList = 3397CFF3176E0770001485FB /* Build configuration list for PBXNativeTarget "ForGithubTest" */;
			buildPhases = (
				3397CFCC176E0770001485FB /* Sources */,
				3397CFCD176E0770001485FB /* Frameworks */,
				3397CFCE176E0770001485FB /* Resources */,
			);
			buildRules = (
			);
			dependencies = (
			);
			name = ForGithubTest;
			productName = ForGithubTest;
			productReference = 3397CFD0176E0770001485FB /* ForGithubTest.app */;
			productType = "com.apple.product-type.application";
		};
/* End PBXNativeTarget section */

/* Begin PBXProject section */
		3397CFC8176E0770001485FB /* Project object */ = {
			isa = PBXProject;
			attributes = {
				LastUpgradeCheck = 0460;
				ORGANIZATIONNAME = "Thor Lin";
			};
			buildConfigurationList = 3397CFCB176E0770001485FB /* Build configuration list for PBXProject "ForGithubTest" */;
			compatibilityVersion = "Xcode 3.2";
			developmentRegion = English;
			hasScannedForEncodings = 0;
			knownRegions = (
				en,
			);
			mainGroup = 3397CFC7176E0770001485FB;
			productRefGroup = 3397CFD1176E0770001485FB /* Products */;
			projectDirPath = "";
			projectRoot = "";
			targets = (
				3397CFCF176E0770001485FB /* ForGithubTest */,
			);
		};
/* End PBXProject section */

/* Begin PBXResourcesBuildPhase section */
		3397CFCE176E0770001485FB /* Resources */ = {
			isa = PBXResourcesBuildPhase;
			buildActionMask = 2147483647;
			files = (
				3397CFDE176E0770001485FB /* InfoPlist.strings in Resources */,
				3397CFE6176E0770001485FB /* Default.png in Resources */,
				3397CFE8176E0770001485FB /* Default@2x.png in Resources */,
				3397CFEA176E0770001485FB /* Default-568h@2x.png in Resources */,
				3397CFED176E0770001485FB /* MainStoryboard.storyboard in Resources */,
			);
			runOnlyForDeploymentPostprocessing = 0;
		};
/* End PBXResourcesBuildPhase section */

/* Begin PBXSourcesBuildPhase section */
		3397CFCC176E0770001485FB /* Sources */ = {
			isa = PBXSourcesBuildPhase;
			buildActionMask = 2147483647;
			files = (
				3397CFE0176E0770001485FB /* main.m in Sources */,
				3397CFE4176E0770001485FB /* AppDelegate.m in Sources */,
				3397CFF0176E0770001485FB /* ViewController.m in Sources */,
			);
			runOnlyForDeploymentPostprocessing = 0;
		};
/* End PBXSourcesBuildPhase section */

/* Begin PBXVariantGroup section */
		3397CFDC176E0770001485FB /* InfoPlist.strings */ = {
			isa = PBXVariantGroup;
			children = (
				3397CFDD176E0770001485FB /* en */,
			);
			name = InfoPlist.strings;
			sourceTree = "<group>";
		};
		3397CFEB176E0770001485FB /* MainStoryboard.storyboard */ = {
			isa = PBXVariantGroup;
			children = (
				3397CFEC176E0770001485FB /* en */,
			);
			name = MainStoryboard.storyboard;
			sourceTree = "<group>";
		};
/* End PBXVariantGroup section */

/* Begin XCBuildConfiguration section */
		3397CFF1176E0770001485FB /* Debug */ = {
			isa = XCBuildConfiguration;
			buildSettings = {
				ALWAYS_SEARCH_USER_PATHS = NO;
				CLANG_CXX_LANGUAGE_STANDARD = "gnu++0x";
				CLANG_CXX_LIBRARY = "libc++";
				CLANG_ENABLE_OBJC_ARC = YES;
				CLANG_WARN_CONSTANT_CONVERSION = YES;
				CLANG_WARN_EMPTY_BODY = YES;
				CLANG_WARN_ENUM_CONVERSION = YES;
				CLANG_WARN_INT_CONVERSION = YES;
				CLANG_WARN__DUPLICATE_METHOD_MATCH = YES;
				"CODE_SIGN_IDENTITY[sdk=iphoneos*]" = "iPhone Developer";
				COPY_PHASE_STRIP = NO;
				GCC_C_LANGUAGE_STANDARD = gnu99;
				GCC_DYNAMIC_NO_PIC = NO;
				GCC_OPTIMIZATION_LEVEL = 0;
				GCC_PREPROCESSOR_DEFINITIONS = (
					"DEBUG=1",
					"$(inherited)",
				);
				GCC_SYMBOLS_PRIVATE_EXTERN = NO;
				GCC_WARN_ABOUT_RETURN_TYPE = YES;
				GCC_WARN_UNINITIALIZED_AUTOS = YES;
				GCC_WARN_UNUSED_VARIABLE = YES;
				IPHONEOS_DEPLOYMENT_TARGET = 6.1;
				ONLY_ACTIVE_ARCH = YES;
				SDKROOT = iphoneos;
			};
			name = Debug;
		};
		3397CFF2176E0770001485FB /* Release */ = {
			isa = XCBuildConfiguration;
			buildSettings = {
				ALWAYS_SEARCH_USER_PATHS = NO;
				CLANG_CXX_LANGUAGE_STANDARD = "gnu++0x";
				CLANG_CXX_LIBRARY = "libc++";
				CLANG_ENABLE_OBJC_ARC = YES;
				CLANG_WARN_CONSTANT_CONVERSION = YES;
				CLANG_WARN_EMPTY_BODY = YES;
				CLANG_WARN_ENUM_CONVERSION = YES;
				CLANG_WARN_INT_CONVERSION = YES;
				CLANG_WARN__DUPLICATE_METHOD_MATCH = YES;
				"CODE_SIGN_IDENTITY[sdk=iphoneos*]" = "iPhone Developer";
				COPY_PHASE_STRIP = YES;
				GCC_C_LANGUAGE_STANDARD = gnu99;
				GCC_WARN_ABOUT_RETURN_TYPE = YES;
				GCC_WARN_UNINITIALIZED_AUTOS = YES;
				GCC_WARN_UNUSED_VARIABLE = YES;
				IPHONEOS_DEPLOYMENT_TARGET = 6.1;
				OTHER_CFLAGS = "-DNS_BLOCK_ASSERTIONS=1";
				SDKROOT = iphoneos;
				VALIDATE_PRODUCT = YES;
			};
			name = Release;
		};
		3397CFF4176E0770001485FB /* Debug */ = {
			isa = XCBuildConfiguration;
			buildSettings = {
				GCC_PRECOMPILE_PREFIX_HEADER = YES;
				GCC_PREFIX_HEADER = "ForGithubTest/ForGithubTest-Prefix.pch";
				INFOPLIST_FILE = "ForGithubTest/ForGithubTest-Info.plist";
				PRODUCT_NAME = "$(TARGET_NAME)";
				WRAPPER_EXTENSION = app;
			};
			name = Debug;
		};
		3397CFF5176E0770001485FB /* Release */ = {
			isa = XCBuildConfiguration;
			buildSettings = {
				GCC_PRECOMPILE_PREFIX_HEADER = YES;
				GCC_PREFIX_HEADER = "ForGithubTest/ForGithubTest-Prefix.pch";
				INFOPLIST_FILE = "ForGithubTest/ForGithubTest-Info.plist";
				PRODUCT_NAME = "$(TARGET_NAME)";
				WRAPPER_EXTENSION = app;
			};
			name = Release;
		};
/* End XCBuildConfiguration section */

/* Begin XCConfigurationList section */
		3397CFCB176E0770001485FB /* Build configuration list for PBXProject "ForGithubTest" */ = {
			isa = XCConfigurationList;
			buildConfigurations = (
				3397CFF1176E0770001485FB /* Debug */,
				3397CFF2176E0770001485FB /* Release */,
			);
			defaultConfigurationIsVisible = 0;
			defaultConfigurationName = Release;
		};
		3397CFF3176E0770001485FB /* Build configuration list for PBXNativeTarget "ForGithubTest" */ = {
			isa = XCConfigurationList;
			buildConfigurations = (
				3397CFF4176E0770001485FB /* Debug */,
				3397CFF5176E0770001485FB /* Release */,
			);
			defaultConfigurationIsVisible = 0;
		};
/* End XCConfigurationList section */
	};
	rootObject = 3397CFC8176E0770001485FB /* Project object */;
}
