// !$*UTF8*$!
{
	archiveVersion = 1;
	classes = {
	};
	objectVersion = 46;
	objects = {

/* Begin PBXBuildFile section */
		333897E819138D4300A6D0E9 /* Foundation.framework in Frameworks */ = {isa = PBXBuildFile; fileRef = 333897E719138D4300A6D0E9 /* Foundation.framework */; };
		333897EA19138D4300A6D0E9 /* CoreGraphics.framework in Frameworks */ = {isa = PBXBuildFile; fileRef = 333897E919138D4300A6D0E9 /* CoreGraphics.framework */; };
		333897EC19138D4300A6D0E9 /* UIKit.framework in Frameworks */ = {isa = PBXBuildFile; fileRef = 333897EB19138D4300A6D0E9 /* UIKit.framework */; };
		333897F219138D4300A6D0E9 /* InfoPlist.strings in Resources */ = {isa = PBXBuildFile; fileRef = 333897F019138D4300A6D0E9 /* InfoPlist.strings */; };
		333897F419138D4300A6D0E9 /* main.m in Sources */ = {isa = PBXBuildFile; fileRef = 333897F319138D4300A6D0E9 /* main.m */; };
		333897F819138D4300A6D0E9 /* AppDelegate.m in Sources */ = {isa = PBXBuildFile; fileRef = 333897F719138D4300A6D0E9 /* AppDelegate.m */; };
		333897FB19138D4300A6D0E9 /* Main.storyboard in Resources */ = {isa = PBXBuildFile; fileRef = 333897F919138D4300A6D0E9 /* Main.storyboard */; };
		333897FE19138D4300A6D0E9 /* ViewController.m in Sources */ = {isa = PBXBuildFile; fileRef = 333897FD19138D4300A6D0E9 /* ViewController.m */; };
		3338980019138D4300A6D0E9 /* Images.xcassets in Resources */ = {isa = PBXBuildFile; fileRef = 333897FF19138D4300A6D0E9 /* Images.xcassets */; };
		3338980719138D4300A6D0E9 /* XCTest.framework in Frameworks */ = {isa = PBXBuildFile; fileRef = 3338980619138D4300A6D0E9 /* XCTest.framework */; };
		3338980819138D4300A6D0E9 /* Foundation.framework in Frameworks */ = {isa = PBXBuildFile; fileRef = 333897E719138D4300A6D0E9 /* Foundation.framework */; };
		3338980919138D4300A6D0E9 /* UIKit.framework in Frameworks */ = {isa = PBXBuildFile; fileRef = 333897EB19138D4300A6D0E9 /* UIKit.framework */; };
		3338981119138D4300A6D0E9 /* InfoPlist.strings in Resources */ = {isa = PBXBuildFile; fileRef = 3338980F19138D4300A6D0E9 /* InfoPlist.strings */; };
		3338981319138D4300A6D0E9 /* TabelViewTestTests.m in Sources */ = {isa = PBXBuildFile; fileRef = 3338981219138D4300A6D0E9 /* TabelViewTestTests.m */; };
		3338982119139AC200A6D0E9 /* TableViewController.m in Sources */ = {isa = PBXBuildFile; fileRef = 3338982019139AC200A6D0E9 /* TableViewController.m */; };
/* End PBXBuildFile section */

/* Begin PBXContainerItemProxy section */
		3338980A19138D4300A6D0E9 /* PBXContainerItemProxy */ = {
			isa = PBXContainerItemProxy;
			containerPortal = 333897DC19138D4300A6D0E9 /* Project object */;
			proxyType = 1;
			remoteGlobalIDString = 333897E319138D4300A6D0E9;
			remoteInfo = TabelViewTest;
		};
/* End PBXContainerItemProxy section */

/* Begin PBXFileReference section */
		333897E419138D4300A6D0E9 /* TabelViewTest.app */ = {isa = PBXFileReference; explicitFileType = wrapper.application; includeInIndex = 0; path = TabelViewTest.app; sourceTree = BUILT_PRODUCTS_DIR; };
		333897E719138D4300A6D0E9 /* Foundation.framework */ = {isa = PBXFileReference; lastKnownFileType = wrapper.framework; name = Foundation.framework; path = System/Library/Frameworks/Foundation.framework; sourceTree = SDKROOT; };
		333897E919138D4300A6D0E9 /* CoreGraphics.framework */ = {isa = PBXFileReference; lastKnownFileType = wrapper.framework; name = CoreGraphics.framework; path = System/Library/Frameworks/CoreGraphics.framework; sourceTree = SDKROOT; };
		333897EB19138D4300A6D0E9 /* UIKit.framework */ = {isa = PBXFileReference; lastKnownFileType = wrapper.framework; name = UIKit.framework; path = System/Library/Frameworks/UIKit.framework; sourceTree = SDKROOT; };
		333897EF19138D4300A6D0E9 /* TabelViewTest-Info.plist */ = {isa = PBXFileReference; lastKnownFileType = text.plist.xml; path = "TabelViewTest-Info.plist"; sourceTree = "<group>"; };
		333897F119138D4300A6D0E9 /* en */ = {isa = PBXFileReference; lastKnownFileType = text.plist.strings; name = en; path = en.lproj/InfoPlist.strings; sourceTree = "<group>"; };
		333897F319138D4300A6D0E9 /* main.m */ = {isa = PBXFileReference; lastKnownFileType = sourcecode.c.objc; path = main.m; sourceTree = "<group>"; };
		333897F519138D4300A6D0E9 /* TabelViewTest-Prefix.pch */ = {isa = PBXFileReference; lastKnownFileType = sourcecode.c.h; path = "TabelViewTest-Prefix.pch"; sourceTree = "<group>"; };
		333897F619138D4300A6D0E9 /* AppDelegate.h */ = {isa = PBXFileReference; lastKnownFileType = sourcecode.c.h; path = AppDelegate.h; sourceTree = "<group>"; };
		333897F719138D4300A6D0E9 /* AppDelegate.m */ = {isa = PBXFileReference; lastKnownFileType = sourcecode.c.objc; path = AppDelegate.m; sourceTree = "<group>"; };
		333897FA19138D4300A6D0E9 /* Base */ = {isa = PBXFileReference; lastKnownFileType = file.storyboard; name = Base; path = Base.lproj/Main.storyboard; sourceTree = "<group>"; };
		333897FC19138D4300A6D0E9 /* ViewController.h */ = {isa = PBXFileReference; lastKnownFileType = sourcecode.c.h; path = ViewController.h; sourceTree = "<group>"; };
		333897FD19138D4300A6D0E9 /* ViewController.m */ = {isa = PBXFileReference; lastKnownFileType = sourcecode.c.objc; path = ViewController.m; sourceTree = "<group>"; };
		333897FF19138D4300A6D0E9 /* Images.xcassets */ = {isa = PBXFileReference; lastKnownFileType = folder.assetcatalog; path = Images.xcassets; sourceTree = "<group>"; };
		3338980519138D4300A6D0E9 /* TabelViewTestTests.xctest */ = {isa = PBXFileReference; explicitFileType = wrapper.cfbundle; includeInIndex = 0; path = TabelViewTestTests.xctest; sourceTree = BUILT_PRODUCTS_DIR; };
		3338980619138D4300A6D0E9 /* XCTest.framework */ = {isa = PBXFileReference; lastKnownFileType = wrapper.framework; name = XCTest.framework; path = Library/Frameworks/XCTest.framework; sourceTree = DEVELOPER_DIR; };
		3338980E19138D4300A6D0E9 /* TabelViewTestTests-Info.plist */ = {isa = PBXFileReference; lastKnownFileType = text.plist.xml; path = "TabelViewTestTests-Info.plist"; sourceTree = "<group>"; };
		3338981019138D4300A6D0E9 /* en */ = {isa = PBXFileReference; lastKnownFileType = text.plist.strings; name = en; path = en.lproj/InfoPlist.strings; sourceTree = "<group>"; };
		3338981219138D4300A6D0E9 /* TabelViewTestTests.m */ = {isa = PBXFileReference; lastKnownFileType = sourcecode.c.objc; path = TabelViewTestTests.m; sourceTree = "<group>"; };
		3338981F19139AC200A6D0E9 /* TableViewController.h */ = {isa = PBXFileReference; fileEncoding = 4; lastKnownFileType = sourcecode.c.h; path = TableViewController.h; sourceTree = "<group>"; };
		3338982019139AC200A6D0E9 /* TableViewController.m */ = {isa = PBXFileReference; fileEncoding = 4; lastKnownFileType = sourcecode.c.objc; path = TableViewController.m; sourceTree = "<group>"; };
/* End PBXFileReference section */

/* Begin PBXFrameworksBuildPhase section */
		333897E119138D4300A6D0E9 /* Frameworks */ = {
			isa = PBXFrameworksBuildPhase;
			buildActionMask = 2147483647;
			files = (
				333897EA19138D4300A6D0E9 /* CoreGraphics.framework in Frameworks */,
				333897EC19138D4300A6D0E9 /* UIKit.framework in Frameworks */,
				333897E819138D4300A6D0E9 /* Foundation.framework in Frameworks */,
			);
			runOnlyForDeploymentPostprocessing = 0;
		};
		3338980219138D4300A6D0E9 /* Frameworks */ = {
			isa = PBXFrameworksBuildPhase;
			buildActionMask = 2147483647;
			files = (
				3338980719138D4300A6D0E9 /* XCTest.framework in Frameworks */,
				3338980919138D4300A6D0E9 /* UIKit.framework in Frameworks */,
				3338980819138D4300A6D0E9 /* Foundation.framework in Frameworks */,
			);
			runOnlyForDeploymentPostprocessing = 0;
		};
/* End PBXFrameworksBuildPhase section */

/* Begin PBXGroup section */
		333897DB19138D4300A6D0E9 = {
			isa = PBXGroup;
			children = (
				333897ED19138D4300A6D0E9 /* TabelViewTest */,
				3338980C19138D4300A6D0E9 /* TabelViewTestTests */,
				333897E619138D4300A6D0E9 /* Frameworks */,
				333897E519138D4300A6D0E9 /* Products */,
			);
			sourceTree = "<group>";
		};
		333897E519138D4300A6D0E9 /* Products */ = {
			isa = PBXGroup;
			children = (
				333897E419138D4300A6D0E9 /* TabelViewTest.app */,
				3338980519138D4300A6D0E9 /* TabelViewTestTests.xctest */,
			);
			name = Products;
			sourceTree = "<group>";
		};
		333897E619138D4300A6D0E9 /* Frameworks */ = {
			isa = PBXGroup;
			children = (
				333897E719138D4300A6D0E9 /* Foundation.framework */,
				333897E919138D4300A6D0E9 /* CoreGraphics.framework */,
				333897EB19138D4300A6D0E9 /* UIKit.framework */,
				3338980619138D4300A6D0E9 /* XCTest.framework */,
			);
			name = Frameworks;
			sourceTree = "<group>";
		};
		333897ED19138D4300A6D0E9 /* TabelViewTest */ = {
			isa = PBXGroup;
			children = (
				333897F619138D4300A6D0E9 /* AppDelegate.h */,
				333897F719138D4300A6D0E9 /* AppDelegate.m */,
				333897F919138D4300A6D0E9 /* Main.storyboard */,
				333897FC19138D4300A6D0E9 /* ViewController.h */,
				333897FD19138D4300A6D0E9 /* ViewController.m */,
				333897FF19138D4300A6D0E9 /* Images.xcassets */,
				333897EE19138D4300A6D0E9 /* Supporting Files */,
				3338981F19139AC200A6D0E9 /* TableViewController.h */,
				3338982019139AC200A6D0E9 /* TableViewController.m */,
			);
			path = TabelViewTest;
			sourceTree = "<group>";
		};
		333897EE19138D4300A6D0E9 /* Supporting Files */ = {
			isa = PBXGroup;
			children = (
				333897EF19138D4300A6D0E9 /* TabelViewTest-Info.plist */,
				333897F019138D4300A6D0E9 /* InfoPlist.strings */,
				333897F319138D4300A6D0E9 /* main.m */,
				333897F519138D4300A6D0E9 /* TabelViewTest-Prefix.pch */,
			);
			name = "Supporting Files";
			sourceTree = "<group>";
		};
		3338980C19138D4300A6D0E9 /* TabelViewTestTests */ = {
			isa = PBXGroup;
			children = (
				3338981219138D4300A6D0E9 /* TabelViewTestTests.m */,
				3338980D19138D4300A6D0E9 /* Supporting Files */,
			);
			path = TabelViewTestTests;
			sourceTree = "<group>";
		};
		3338980D19138D4300A6D0E9 /* Supporting Files */ = {
			isa = PBXGroup;
			children = (
				3338980E19138D4300A6D0E9 /* TabelViewTestTests-Info.plist */,
				3338980F19138D4300A6D0E9 /* InfoPlist.strings */,
			);
			name = "Supporting Files";
			sourceTree = "<group>";
		};
/* End PBXGroup section */

/* Begin PBXNativeTarget section */
		333897E319138D4300A6D0E9 /* TabelViewTest */ = {
			isa = PBXNativeTarget;
			buildConfigurationList = 3338981619138D4300A6D0E9 /* Build configuration list for PBXNativeTarget "TabelViewTest" */;
			buildPhases = (
				333897E019138D4300A6D0E9 /* Sources */,
				333897E119138D4300A6D0E9 /* Frameworks */,
				333897E219138D4300A6D0E9 /* Resources */,
			);
			buildRules = (
			);
			dependencies = (
			);
			name = TabelViewTest;
			productName = TabelViewTest;
			productReference = 333897E419138D4300A6D0E9 /* TabelViewTest.app */;
			productType = "com.apple.product-type.application";
		};
		3338980419138D4300A6D0E9 /* TabelViewTestTests */ = {
			isa = PBXNativeTarget;
			buildConfigurationList = 3338981919138D4300A6D0E9 /* Build configuration list for PBXNativeTarget "TabelViewTestTests" */;
			buildPhases = (
				3338980119138D4300A6D0E9 /* Sources */,
				3338980219138D4300A6D0E9 /* Frameworks */,
				3338980319138D4300A6D0E9 /* Resources */,
			);
			buildRules = (
			);
			dependencies = (
				3338980B19138D4300A6D0E9 /* PBXTargetDependency */,
			);
			name = TabelViewTestTests;
			productName = TabelViewTestTests;
			productReference = 3338980519138D4300A6D0E9 /* TabelViewTestTests.xctest */;
			productType = "com.apple.product-type.bundle.unit-test";
		};
/* End PBXNativeTarget section */

/* Begin PBXProject section */
		333897DC19138D4300A6D0E9 /* Project object */ = {
			isa = PBXProject;
			attributes = {
				LastUpgradeCheck = 0510;
				ORGANIZATIONNAME = "Thor Lin";
				TargetAttributes = {
					3338980419138D4300A6D0E9 = {
						TestTargetID = 333897E319138D4300A6D0E9;
					};
				};
			};
			buildConfigurationList = 333897DF19138D4300A6D0E9 /* Build configuration list for PBXProject "TabelViewTest" */;
			compatibilityVersion = "Xcode 3.2";
			developmentRegion = English;
			hasScannedForEncodings = 0;
			knownRegions = (
				en,
				Base,
			);
			mainGroup = 333897DB19138D4300A6D0E9;
			productRefGroup = 333897E519138D4300A6D0E9 /* Products */;
			projectDirPath = "";
			projectRoot = "";
			targets = (
				333897E319138D4300A6D0E9 /* TabelViewTest */,
				3338980419138D4300A6D0E9 /* TabelViewTestTests */,
			);
		};
/* End PBXProject section */

/* Begin PBXResourcesBuildPhase section */
		333897E219138D4300A6D0E9 /* Resources */ = {
			isa = PBXResourcesBuildPhase;
			buildActionMask = 2147483647;
			files = (
				3338980019138D4300A6D0E9 /* Images.xcassets in Resources */,
				333897F219138D4300A6D0E9 /* InfoPlist.strings in Resources */,
				333897FB19138D4300A6D0E9 /* Main.storyboard in Resources */,
			);
			runOnlyForDeploymentPostprocessing = 0;
		};
		3338980319138D4300A6D0E9 /* Resources */ = {
			isa = PBXResourcesBuildPhase;
			buildActionMask = 2147483647;
			files = (
				3338981119138D4300A6D0E9 /* InfoPlist.strings in Resources */,
			);
			runOnlyForDeploymentPostprocessing = 0;
		};
/* End PBXResourcesBuildPhase section */

/* Begin PBXSourcesBuildPhase section */
		333897E019138D4300A6D0E9 /* Sources */ = {
			isa = PBXSourcesBuildPhase;
			buildActionMask = 2147483647;
			files = (
				333897FE19138D4300A6D0E9 /* ViewController.m in Sources */,
				333897F819138D4300A6D0E9 /* AppDelegate.m in Sources */,
				333897F419138D4300A6D0E9 /* main.m in Sources */,
				3338982119139AC200A6D0E9 /* TableViewController.m in Sources */,
			);
			runOnlyForDeploymentPostprocessing = 0;
		};
		3338980119138D4300A6D0E9 /* Sources */ = {
			isa = PBXSourcesBuildPhase;
			buildActionMask = 2147483647;
			files = (
				3338981319138D4300A6D0E9 /* TabelViewTestTests.m in Sources */,
			);
			runOnlyForDeploymentPostprocessing = 0;
		};
/* End PBXSourcesBuildPhase section */

/* Begin PBXTargetDependency section */
		3338980B19138D4300A6D0E9 /* PBXTargetDependency */ = {
			isa = PBXTargetDependency;
			target = 333897E319138D4300A6D0E9 /* TabelViewTest */;
			targetProxy = 3338980A19138D4300A6D0E9 /* PBXContainerItemProxy */;
		};
/* End PBXTargetDependency section */

/* Begin PBXVariantGroup section */
		333897F019138D4300A6D0E9 /* InfoPlist.strings */ = {
			isa = PBXVariantGroup;
			children = (
				333897F119138D4300A6D0E9 /* en */,
			);
			name = InfoPlist.strings;
			sourceTree = "<group>";
		};
		333897F919138D4300A6D0E9 /* Main.storyboard */ = {
			isa = PBXVariantGroup;
			children = (
				333897FA19138D4300A6D0E9 /* Base */,
			);
			name = Main.storyboard;
			sourceTree = "<group>";
		};
		3338980F19138D4300A6D0E9 /* InfoPlist.strings */ = {
			isa = PBXVariantGroup;
			children = (
				3338981019138D4300A6D0E9 /* en */,
			);
			name = InfoPlist.strings;
			sourceTree = "<group>";
		};
/* End PBXVariantGroup section */

/* Begin XCBuildConfiguration section */
		3338981419138D4300A6D0E9 /* Debug */ = {
			isa = XCBuildConfiguration;
			buildSettings = {
				ALWAYS_SEARCH_USER_PATHS = NO;
				CLANG_CXX_LANGUAGE_STANDARD = "gnu++0x";
				CLANG_CXX_LIBRARY = "libc++";
				CLANG_ENABLE_MODULES = YES;
				CLANG_ENABLE_OBJC_ARC = YES;
				CLANG_WARN_BOOL_CONVERSION = YES;
				CLANG_WARN_CONSTANT_CONVERSION = YES;
				CLANG_WARN_DIRECT_OBJC_ISA_USAGE = YES_ERROR;
				CLANG_WARN_EMPTY_BODY = YES;
				CLANG_WARN_ENUM_CONVERSION = YES;
				CLANG_WARN_INT_CONVERSION = YES;
				CLANG_WARN_OBJC_ROOT_CLASS = YES_ERROR;
				CLANG_WARN__DUPLICATE_METHOD_MATCH = YES;
				"CODE_SIGN_IDENTITY[sdk=iphoneos*]" = "iPhone Developer";
				COPY_PHASE_STRIP = NO;
				GCC_C_LANGUAGE_STANDARD = gnu99;
				GCC_DYNAMIC_NO_PIC = NO;
				GCC_OPTIMIZATION_LEVEL = 0;
				GCC_PREPROCESSOR_DEFINITIONS = (
					"DEBUG=1",
					"$(inherited)",
				);
				GCC_SYMBOLS_PRIVATE_EXTERN = NO;
				GCC_WARN_64_TO_32_BIT_CONVERSION = YES;
				GCC_WARN_ABOUT_RETURN_TYPE = YES_ERROR;
				GCC_WARN_UNDECLARED_SELECTOR = YES;
				GCC_WARN_UNINITIALIZED_AUTOS = YES_AGGRESSIVE;
				GCC_WARN_UNUSED_FUNCTION = YES;
				GCC_WARN_UNUSED_VARIABLE = YES;
				IPHONEOS_DEPLOYMENT_TARGET = 7.1;
				ONLY_ACTIVE_ARCH = YES;
				SDKROOT = iphoneos;
			};
			name = Debug;
		};
		3338981519138D4300A6D0E9 /* Release */ = {
			isa = XCBuildConfiguration;
			buildSettings = {
				ALWAYS_SEARCH_USER_PATHS = NO;
				CLANG_CXX_LANGUAGE_STANDARD = "gnu++0x";
				CLANG_CXX_LIBRARY = "libc++";
				CLANG_ENABLE_MODULES = YES;
				CLANG_ENABLE_OBJC_ARC = YES;
				CLANG_WARN_BOOL_CONVERSION = YES;
				CLANG_WARN_CONSTANT_CONVERSION = YES;
				CLANG_WARN_DIRECT_OBJC_ISA_USAGE = YES_ERROR;
				CLANG_WARN_EMPTY_BODY = YES;
				CLANG_WARN_ENUM_CONVERSION = YES;
				CLANG_WARN_INT_CONVERSION = YES;
				CLANG_WARN_OBJC_ROOT_CLASS = YES_ERROR;
				CLANG_WARN__DUPLICATE_METHOD_MATCH = YES;
				"CODE_SIGN_IDENTITY[sdk=iphoneos*]" = "iPhone Developer";
				COPY_PHASE_STRIP = YES;
				ENABLE_NS_ASSERTIONS = NO;
				GCC_C_LANGUAGE_STANDARD = gnu99;
				GCC_WARN_64_TO_32_BIT_CONVERSION = YES;
				GCC_WARN_ABOUT_RETURN_TYPE = YES_ERROR;
				GCC_WARN_UNDECLARED_SELECTOR = YES;
				GCC_WARN_UNINITIALIZED_AUTOS = YES_AGGRESSIVE;
				GCC_WARN_UNUSED_FUNCTION = YES;
				GCC_WARN_UNUSED_VARIABLE = YES;
				IPHONEOS_DEPLOYMENT_TARGET = 7.1;
				SDKROOT = iphoneos;
				VALIDATE_PRODUCT = YES;
			};
			name = Release;
		};
		3338981719138D4300A6D0E9 /* Debug */ = {
			isa = XCBuildConfiguration;
			buildSettings = {
				ASSETCATALOG_COMPILER_APPICON_NAME = AppIcon;
				ASSETCATALOG_COMPILER_LAUNCHIMAGE_NAME = LaunchImage;
				GCC_PRECOMPILE_PREFIX_HEADER = YES;
				GCC_PREFIX_HEADER = "TabelViewTest/TabelViewTest-Prefix.pch";
				INFOPLIST_FILE = "TabelViewTest/TabelViewTest-Info.plist";
				PRODUCT_NAME = "$(TARGET_NAME)";
				WRAPPER_EXTENSION = app;
			};
			name = Debug;
		};
		3338981819138D4300A6D0E9 /* Release */ = {
			isa = XCBuildConfiguration;
			buildSettings = {
				ASSETCATALOG_COMPILER_APPICON_NAME = AppIcon;
				ASSETCATALOG_COMPILER_LAUNCHIMAGE_NAME = LaunchImage;
				GCC_PRECOMPILE_PREFIX_HEADER = YES;
				GCC_PREFIX_HEADER = "TabelViewTest/TabelViewTest-Prefix.pch";
				INFOPLIST_FILE = "TabelViewTest/TabelViewTest-Info.plist";
				PRODUCT_NAME = "$(TARGET_NAME)";
				WRAPPER_EXTENSION = app;
			};
			name = Release;
		};
		3338981A19138D4300A6D0E9 /* Debug */ = {
			isa = XCBuildConfiguration;
			buildSettings = {
				BUNDLE_LOADER = "$(BUILT_PRODUCTS_DIR)/TabelViewTest.app/TabelViewTest";
				FRAMEWORK_SEARCH_PATHS = (
					"$(SDKROOT)/Developer/Library/Frameworks",
					"$(inherited)",
					"$(DEVELOPER_FRAMEWORKS_DIR)",
				);
				GCC_PRECOMPILE_PREFIX_HEADER = YES;
				GCC_PREFIX_HEADER = "TabelViewTest/TabelViewTest-Prefix.pch";
				GCC_PREPROCESSOR_DEFINITIONS = (
					"DEBUG=1",
					"$(inherited)",
				);
				INFOPLIST_FILE = "TabelViewTestTests/TabelViewTestTests-Info.plist";
				PRODUCT_NAME = "$(TARGET_NAME)";
				TEST_HOST = "$(BUNDLE_LOADER)";
				WRAPPER_EXTENSION = xctest;
			};
			name = Debug;
		};
		3338981B19138D4300A6D0E9 /* Release */ = {
			isa = XCBuildConfiguration;
			buildSettings = {
				BUNDLE_LOADER = "$(BUILT_PRODUCTS_DIR)/TabelViewTest.app/TabelViewTest";
				FRAMEWORK_SEARCH_PATHS = (
					"$(SDKROOT)/Developer/Library/Frameworks",
					"$(inherited)",
					"$(DEVELOPER_FRAMEWORKS_DIR)",
				);
				GCC_PRECOMPILE_PREFIX_HEADER = YES;
				GCC_PREFIX_HEADER = "TabelViewTest/TabelViewTest-Prefix.pch";
				INFOPLIST_FILE = "TabelViewTestTests/TabelViewTestTests-Info.plist";
				PRODUCT_NAME = "$(TARGET_NAME)";
				TEST_HOST = "$(BUNDLE_LOADER)";
				WRAPPER_EXTENSION = xctest;
			};
			name = Release;
		};
/* End XCBuildConfiguration section */

/* Begin XCConfigurationList section */
		333897DF19138D4300A6D0E9 /* Build configuration list for PBXProject "TabelViewTest" */ = {
			isa = XCConfigurationList;
			buildConfigurations = (
				3338981419138D4300A6D0E9 /* Debug */,
				3338981519138D4300A6D0E9 /* Release */,
			);
			defaultConfigurationIsVisible = 0;
			defaultConfigurationName = Release;
		};
		3338981619138D4300A6D0E9 /* Build configuration list for PBXNativeTarget "TabelViewTest" */ = {
			isa = XCConfigurationList;
			buildConfigurations = (
				3338981719138D4300A6D0E9 /* Debug */,
				3338981819138D4300A6D0E9 /* Release */,
			);
			defaultConfigurationIsVisible = 0;
			defaultConfigurationName = Release;
		};
		3338981919138D4300A6D0E9 /* Build configuration list for PBXNativeTarget "TabelViewTestTests" */ = {
			isa = XCConfigurationList;
			buildConfigurations = (
				3338981A19138D4300A6D0E9 /* Debug */,
				3338981B19138D4300A6D0E9 /* Release */,
			);
			defaultConfigurationIsVisible = 0;
			defaultConfigurationName = Release;
		};
/* End XCConfigurationList section */
	};
	rootObject = 333897DC19138D4300A6D0E9 /* Project object */;
}
