// !$*UTF8*$!
{
	archiveVersion = 1;
	classes = {
	};
	objectVersion = 46;
	objects = {

/* Begin PBXBuildFile section */
		33C347A218CEFE0700117A7B /* Foundation.framework in Frameworks */ = {isa = PBXBuildFile; fileRef = 33C347A118CEFE0700117A7B /* Foundation.framework */; };
		33C347A418CEFE0700117A7B /* CoreGraphics.framework in Frameworks */ = {isa = PBXBuildFile; fileRef = 33C347A318CEFE0700117A7B /* CoreGraphics.framework */; };
		33C347A618CEFE0700117A7B /* UIKit.framework in Frameworks */ = {isa = PBXBuildFile; fileRef = 33C347A518CEFE0700117A7B /* UIKit.framework */; };
		33C347AC18CEFE0700117A7B /* InfoPlist.strings in Resources */ = {isa = PBXBuildFile; fileRef = 33C347AA18CEFE0700117A7B /* InfoPlist.strings */; };
		33C347AE18CEFE0700117A7B /* main.m in Sources */ = {isa = PBXBuildFile; fileRef = 33C347AD18CEFE0700117A7B /* main.m */; };
		33C347B218CEFE0700117A7B /* AppDelegate.m in Sources */ = {isa = PBXBuildFile; fileRef = 33C347B118CEFE0700117A7B /* AppDelegate.m */; };
		33C347B518CEFE0700117A7B /* Main.storyboard in Resources */ = {isa = PBXBuildFile; fileRef = 33C347B318CEFE0700117A7B /* Main.storyboard */; };
		33C347B818CEFE0700117A7B /* ViewController.m in Sources */ = {isa = PBXBuildFile; fileRef = 33C347B718CEFE0700117A7B /* ViewController.m */; };
		33C347BA18CEFE0700117A7B /* Images.xcassets in Resources */ = {isa = PBXBuildFile; fileRef = 33C347B918CEFE0700117A7B /* Images.xcassets */; };
		33C347C118CEFE0700117A7B /* XCTest.framework in Frameworks */ = {isa = PBXBuildFile; fileRef = 33C347C018CEFE0700117A7B /* XCTest.framework */; };
		33C347C218CEFE0700117A7B /* Foundation.framework in Frameworks */ = {isa = PBXBuildFile; fileRef = 33C347A118CEFE0700117A7B /* Foundation.framework */; };
		33C347C318CEFE0700117A7B /* UIKit.framework in Frameworks */ = {isa = PBXBuildFile; fileRef = 33C347A518CEFE0700117A7B /* UIKit.framework */; };
		33C347CB18CEFE0700117A7B /* InfoPlist.strings in Resources */ = {isa = PBXBuildFile; fileRef = 33C347C918CEFE0700117A7B /* InfoPlist.strings */; };
		33C347CD18CEFE0700117A7B /* TestViewTransformTests.m in Sources */ = {isa = PBXBuildFile; fileRef = 33C347CC18CEFE0700117A7B /* TestViewTransformTests.m */; };
/* End PBXBuildFile section */

/* Begin PBXContainerItemProxy section */
		33C347C418CEFE0700117A7B /* PBXContainerItemProxy */ = {
			isa = PBXContainerItemProxy;
			containerPortal = 33C3479618CEFE0700117A7B /* Project object */;
			proxyType = 1;
			remoteGlobalIDString = 33C3479D18CEFE0700117A7B;
			remoteInfo = TestViewTransform;
		};
/* End PBXContainerItemProxy section */

/* Begin PBXFileReference section */
		33C3479E18CEFE0700117A7B /* TestViewTransform.app */ = {isa = PBXFileReference; explicitFileType = wrapper.application; includeInIndex = 0; path = TestViewTransform.app; sourceTree = BUILT_PRODUCTS_DIR; };
		33C347A118CEFE0700117A7B /* Foundation.framework */ = {isa = PBXFileReference; lastKnownFileType = wrapper.framework; name = Foundation.framework; path = System/Library/Frameworks/Foundation.framework; sourceTree = SDKROOT; };
		33C347A318CEFE0700117A7B /* CoreGraphics.framework */ = {isa = PBXFileReference; lastKnownFileType = wrapper.framework; name = CoreGraphics.framework; path = System/Library/Frameworks/CoreGraphics.framework; sourceTree = SDKROOT; };
		33C347A518CEFE0700117A7B /* UIKit.framework */ = {isa = PBXFileReference; lastKnownFileType = wrapper.framework; name = UIKit.framework; path = System/Library/Frameworks/UIKit.framework; sourceTree = SDKROOT; };
		33C347A918CEFE0700117A7B /* TestViewTransform-Info.plist */ = {isa = PBXFileReference; lastKnownFileType = text.plist.xml; path = "TestViewTransform-Info.plist"; sourceTree = "<group>"; };
		33C347AB18CEFE0700117A7B /* en */ = {isa = PBXFileReference; lastKnownFileType = text.plist.strings; name = en; path = en.lproj/InfoPlist.strings; sourceTree = "<group>"; };
		33C347AD18CEFE0700117A7B /* main.m */ = {isa = PBXFileReference; lastKnownFileType = sourcecode.c.objc; path = main.m; sourceTree = "<group>"; };
		33C347AF18CEFE0700117A7B /* TestViewTransform-Prefix.pch */ = {isa = PBXFileReference; lastKnownFileType = sourcecode.c.h; path = "TestViewTransform-Prefix.pch"; sourceTree = "<group>"; };
		33C347B018CEFE0700117A7B /* AppDelegate.h */ = {isa = PBXFileReference; lastKnownFileType = sourcecode.c.h; path = AppDelegate.h; sourceTree = "<group>"; };
		33C347B118CEFE0700117A7B /* AppDelegate.m */ = {isa = PBXFileReference; lastKnownFileType = sourcecode.c.objc; path = AppDelegate.m; sourceTree = "<group>"; };
		33C347B418CEFE0700117A7B /* Base */ = {isa = PBXFileReference; lastKnownFileType = file.storyboard; name = Base; path = Base.lproj/Main.storyboard; sourceTree = "<group>"; };
		33C347B618CEFE0700117A7B /* ViewController.h */ = {isa = PBXFileReference; lastKnownFileType = sourcecode.c.h; path = ViewController.h; sourceTree = "<group>"; };
		33C347B718CEFE0700117A7B /* ViewController.m */ = {isa = PBXFileReference; lastKnownFileType = sourcecode.c.objc; path = ViewController.m; sourceTree = "<group>"; };
		33C347B918CEFE0700117A7B /* Images.xcassets */ = {isa = PBXFileReference; lastKnownFileType = folder.assetcatalog; path = Images.xcassets; sourceTree = "<group>"; };
		33C347BF18CEFE0700117A7B /* TestViewTransformTests.xctest */ = {isa = PBXFileReference; explicitFileType = wrapper.cfbundle; includeInIndex = 0; path = TestViewTransformTests.xctest; sourceTree = BUILT_PRODUCTS_DIR; };
		33C347C018CEFE0700117A7B /* XCTest.framework */ = {isa = PBXFileReference; lastKnownFileType = wrapper.framework; name = XCTest.framework; path = Library/Frameworks/XCTest.framework; sourceTree = DEVELOPER_DIR; };
		33C347C818CEFE0700117A7B /* TestViewTransformTests-Info.plist */ = {isa = PBXFileReference; lastKnownFileType = text.plist.xml; path = "TestViewTransformTests-Info.plist"; sourceTree = "<group>"; };
		33C347CA18CEFE0700117A7B /* en */ = {isa = PBXFileReference; lastKnownFileType = text.plist.strings; name = en; path = en.lproj/InfoPlist.strings; sourceTree = "<group>"; };
		33C347CC18CEFE0700117A7B /* TestViewTransformTests.m */ = {isa = PBXFileReference; lastKnownFileType = sourcecode.c.objc; path = TestViewTransformTests.m; sourceTree = "<group>"; };
/* End PBXFileReference section */

/* Begin PBXFrameworksBuildPhase section */
		33C3479B18CEFE0700117A7B /* Frameworks */ = {
			isa = PBXFrameworksBuildPhase;
			buildActionMask = 2147483647;
			files = (
				33C347A418CEFE0700117A7B /* CoreGraphics.framework in Frameworks */,
				33C347A618CEFE0700117A7B /* UIKit.framework in Frameworks */,
				33C347A218CEFE0700117A7B /* Foundation.framework in Frameworks */,
			);
			runOnlyForDeploymentPostprocessing = 0;
		};
		33C347BC18CEFE0700117A7B /* Frameworks */ = {
			isa = PBXFrameworksBuildPhase;
			buildActionMask = 2147483647;
			files = (
				33C347C118CEFE0700117A7B /* XCTest.framework in Frameworks */,
				33C347C318CEFE0700117A7B /* UIKit.framework in Frameworks */,
				33C347C218CEFE0700117A7B /* Foundation.framework in Frameworks */,
			);
			runOnlyForDeploymentPostprocessing = 0;
		};
/* End PBXFrameworksBuildPhase section */

/* Begin PBXGroup section */
		33C3479518CEFE0700117A7B = {
			isa = PBXGroup;
			children = (
				33C347A718CEFE0700117A7B /* TestViewTransform */,
				33C347C618CEFE0700117A7B /* TestViewTransformTests */,
				33C347A018CEFE0700117A7B /* Frameworks */,
				33C3479F18CEFE0700117A7B /* Products */,
			);
			sourceTree = "<group>";
		};
		33C3479F18CEFE0700117A7B /* Products */ = {
			isa = PBXGroup;
			children = (
				33C3479E18CEFE0700117A7B /* TestViewTransform.app */,
				33C347BF18CEFE0700117A7B /* TestViewTransformTests.xctest */,
			);
			name = Products;
			sourceTree = "<group>";
		};
		33C347A018CEFE0700117A7B /* Frameworks */ = {
			isa = PBXGroup;
			children = (
				33C347A118CEFE0700117A7B /* Foundation.framework */,
				33C347A318CEFE0700117A7B /* CoreGraphics.framework */,
				33C347A518CEFE0700117A7B /* UIKit.framework */,
				33C347C018CEFE0700117A7B /* XCTest.framework */,
			);
			name = Frameworks;
			sourceTree = "<group>";
		};
		33C347A718CEFE0700117A7B /* TestViewTransform */ = {
			isa = PBXGroup;
			children = (
				33C347B018CEFE0700117A7B /* AppDelegate.h */,
				33C347B118CEFE0700117A7B /* AppDelegate.m */,
				33C347B318CEFE0700117A7B /* Main.storyboard */,
				33C347B618CEFE0700117A7B /* ViewController.h */,
				33C347B718CEFE0700117A7B /* ViewController.m */,
				33C347B918CEFE0700117A7B /* Images.xcassets */,
				33C347A818CEFE0700117A7B /* Supporting Files */,
			);
			path = TestViewTransform;
			sourceTree = "<group>";
		};
		33C347A818CEFE0700117A7B /* Supporting Files */ = {
			isa = PBXGroup;
			children = (
				33C347A918CEFE0700117A7B /* TestViewTransform-Info.plist */,
				33C347AA18CEFE0700117A7B /* InfoPlist.strings */,
				33C347AD18CEFE0700117A7B /* main.m */,
				33C347AF18CEFE0700117A7B /* TestViewTransform-Prefix.pch */,
			);
			name = "Supporting Files";
			sourceTree = "<group>";
		};
		33C347C618CEFE0700117A7B /* TestViewTransformTests */ = {
			isa = PBXGroup;
			children = (
				33C347CC18CEFE0700117A7B /* TestViewTransformTests.m */,
				33C347C718CEFE0700117A7B /* Supporting Files */,
			);
			path = TestViewTransformTests;
			sourceTree = "<group>";
		};
		33C347C718CEFE0700117A7B /* Supporting Files */ = {
			isa = PBXGroup;
			children = (
				33C347C818CEFE0700117A7B /* TestViewTransformTests-Info.plist */,
				33C347C918CEFE0700117A7B /* InfoPlist.strings */,
			);
			name = "Supporting Files";
			sourceTree = "<group>";
		};
/* End PBXGroup section */

/* Begin PBXNativeTarget section */
		33C3479D18CEFE0700117A7B /* TestViewTransform */ = {
			isa = PBXNativeTarget;
			buildConfigurationList = 33C347D018CEFE0700117A7B /* Build configuration list for PBXNativeTarget "TestViewTransform" */;
			buildPhases = (
				33C3479A18CEFE0700117A7B /* Sources */,
				33C3479B18CEFE0700117A7B /* Frameworks */,
				33C3479C18CEFE0700117A7B /* Resources */,
			);
			buildRules = (
			);
			dependencies = (
			);
			name = TestViewTransform;
			productName = TestViewTransform;
			productReference = 33C3479E18CEFE0700117A7B /* TestViewTransform.app */;
			productType = "com.apple.product-type.application";
		};
		33C347BE18CEFE0700117A7B /* TestViewTransformTests */ = {
			isa = PBXNativeTarget;
			buildConfigurationList = 33C347D318CEFE0700117A7B /* Build configuration list for PBXNativeTarget "TestViewTransformTests" */;
			buildPhases = (
				33C347BB18CEFE0700117A7B /* Sources */,
				33C347BC18CEFE0700117A7B /* Frameworks */,
				33C347BD18CEFE0700117A7B /* Resources */,
			);
			buildRules = (
			);
			dependencies = (
				33C347C518CEFE0700117A7B /* PBXTargetDependency */,
			);
			name = TestViewTransformTests;
			productName = TestViewTransformTests;
			productReference = 33C347BF18CEFE0700117A7B /* TestViewTransformTests.xctest */;
			productType = "com.apple.product-type.bundle.unit-test";
		};
/* End PBXNativeTarget section */

/* Begin PBXProject section */
		33C3479618CEFE0700117A7B /* Project object */ = {
			isa = PBXProject;
			attributes = {
				LastUpgradeCheck = 0500;
				ORGANIZATIONNAME = "Thor Lin";
				TargetAttributes = {
					33C347BE18CEFE0700117A7B = {
						TestTargetID = 33C3479D18CEFE0700117A7B;
					};
				};
			};
			buildConfigurationList = 33C3479918CEFE0700117A7B /* Build configuration list for PBXProject "TestViewTransform" */;
			compatibilityVersion = "Xcode 3.2";
			developmentRegion = English;
			hasScannedForEncodings = 0;
			knownRegions = (
				en,
				Base,
			);
			mainGroup = 33C3479518CEFE0700117A7B;
			productRefGroup = 33C3479F18CEFE0700117A7B /* Products */;
			projectDirPath = "";
			projectRoot = "";
			targets = (
				33C3479D18CEFE0700117A7B /* TestViewTransform */,
				33C347BE18CEFE0700117A7B /* TestViewTransformTests */,
			);
		};
/* End PBXProject section */

/* Begin PBXResourcesBuildPhase section */
		33C3479C18CEFE0700117A7B /* Resources */ = {
			isa = PBXResourcesBuildPhase;
			buildActionMask = 2147483647;
			files = (
				33C347BA18CEFE0700117A7B /* Images.xcassets in Resources */,
				33C347AC18CEFE0700117A7B /* InfoPlist.strings in Resources */,
				33C347B518CEFE0700117A7B /* Main.storyboard in Resources */,
			);
			runOnlyForDeploymentPostprocessing = 0;
		};
		33C347BD18CEFE0700117A7B /* Resources */ = {
			isa = PBXResourcesBuildPhase;
			buildActionMask = 2147483647;
			files = (
				33C347CB18CEFE0700117A7B /* InfoPlist.strings in Resources */,
			);
			runOnlyForDeploymentPostprocessing = 0;
		};
/* End PBXResourcesBuildPhase section */

/* Begin PBXSourcesBuildPhase section */
		33C3479A18CEFE0700117A7B /* Sources */ = {
			isa = PBXSourcesBuildPhase;
			buildActionMask = 2147483647;
			files = (
				33C347B818CEFE0700117A7B /* ViewController.m in Sources */,
				33C347B218CEFE0700117A7B /* AppDelegate.m in Sources */,
				33C347AE18CEFE0700117A7B /* main.m in Sources */,
			);
			runOnlyForDeploymentPostprocessing = 0;
		};
		33C347BB18CEFE0700117A7B /* Sources */ = {
			isa = PBXSourcesBuildPhase;
			buildActionMask = 2147483647;
			files = (
				33C347CD18CEFE0700117A7B /* TestViewTransformTests.m in Sources */,
			);
			runOnlyForDeploymentPostprocessing = 0;
		};
/* End PBXSourcesBuildPhase section */

/* Begin PBXTargetDependency section */
		33C347C518CEFE0700117A7B /* PBXTargetDependency */ = {
			isa = PBXTargetDependency;
			target = 33C3479D18CEFE0700117A7B /* TestViewTransform */;
			targetProxy = 33C347C418CEFE0700117A7B /* PBXContainerItemProxy */;
		};
/* End PBXTargetDependency section */

/* Begin PBXVariantGroup section */
		33C347AA18CEFE0700117A7B /* InfoPlist.strings */ = {
			isa = PBXVariantGroup;
			children = (
				33C347AB18CEFE0700117A7B /* en */,
			);
			name = InfoPlist.strings;
			sourceTree = "<group>";
		};
		33C347B318CEFE0700117A7B /* Main.storyboard */ = {
			isa = PBXVariantGroup;
			children = (
				33C347B418CEFE0700117A7B /* Base */,
			);
			name = Main.storyboard;
			sourceTree = "<group>";
		};
		33C347C918CEFE0700117A7B /* InfoPlist.strings */ = {
			isa = PBXVariantGroup;
			children = (
				33C347CA18CEFE0700117A7B /* en */,
			);
			name = InfoPlist.strings;
			sourceTree = "<group>";
		};
/* End PBXVariantGroup section */

/* Begin XCBuildConfiguration section */
		33C347CE18CEFE0700117A7B /* Debug */ = {
			isa = XCBuildConfiguration;
			buildSettings = {
				ALWAYS_SEARCH_USER_PATHS = NO;
				ARCHS = "$(ARCHS_STANDARD_INCLUDING_64_BIT)";
				CLANG_CXX_LANGUAGE_STANDARD = "gnu++0x";
				CLANG_CXX_LIBRARY = "libc++";
				CLANG_ENABLE_MODULES = YES;
				CLANG_ENABLE_OBJC_ARC = YES;
				CLANG_WARN_BOOL_CONVERSION = YES;
				CLANG_WARN_CONSTANT_CONVERSION = YES;
				CLANG_WARN_DIRECT_OBJC_ISA_USAGE = YES_ERROR;
				CLANG_WARN_EMPTY_BODY = YES;
				CLANG_WARN_ENUM_CONVERSION = YES;
				CLANG_WARN_INT_CONVERSION = YES;
				CLANG_WARN_OBJC_ROOT_CLASS = YES_ERROR;
				CLANG_WARN__DUPLICATE_METHOD_MATCH = YES;
				"CODE_SIGN_IDENTITY[sdk=iphoneos*]" = "iPhone Developer";
				COPY_PHASE_STRIP = NO;
				GCC_C_LANGUAGE_STANDARD = gnu99;
				GCC_DYNAMIC_NO_PIC = NO;
				GCC_OPTIMIZATION_LEVEL = 0;
				GCC_PREPROCESSOR_DEFINITIONS = (
					"DEBUG=1",
					"$(inherited)",
				);
				GCC_SYMBOLS_PRIVATE_EXTERN = NO;
				GCC_WARN_64_TO_32_BIT_CONVERSION = YES;
				GCC_WARN_ABOUT_RETURN_TYPE = YES_ERROR;
				GCC_WARN_UNDECLARED_SELECTOR = YES;
				GCC_WARN_UNINITIALIZED_AUTOS = YES;
				GCC_WARN_UNUSED_FUNCTION = YES;
				GCC_WARN_UNUSED_VARIABLE = YES;
				IPHONEOS_DEPLOYMENT_TARGET = 7.0;
				ONLY_ACTIVE_ARCH = YES;
				SDKROOT = iphoneos;
			};
			name = Debug;
		};
		33C347CF18CEFE0700117A7B /* Release */ = {
			isa = XCBuildConfiguration;
			buildSettings = {
				ALWAYS_SEARCH_USER_PATHS = NO;
				ARCHS = "$(ARCHS_STANDARD_INCLUDING_64_BIT)";
				CLANG_CXX_LANGUAGE_STANDARD = "gnu++0x";
				CLANG_CXX_LIBRARY = "libc++";
				CLANG_ENABLE_MODULES = YES;
				CLANG_ENABLE_OBJC_ARC = YES;
				CLANG_WARN_BOOL_CONVERSION = YES;
				CLANG_WARN_CONSTANT_CONVERSION = YES;
				CLANG_WARN_DIRECT_OBJC_ISA_USAGE = YES_ERROR;
				CLANG_WARN_EMPTY_BODY = YES;
				CLANG_WARN_ENUM_CONVERSION = YES;
				CLANG_WARN_INT_CONVERSION = YES;
				CLANG_WARN_OBJC_ROOT_CLASS = YES_ERROR;
				CLANG_WARN__DUPLICATE_METHOD_MATCH = YES;
				"CODE_SIGN_IDENTITY[sdk=iphoneos*]" = "iPhone Developer";
				COPY_PHASE_STRIP = YES;
				ENABLE_NS_ASSERTIONS = NO;
				GCC_C_LANGUAGE_STANDARD = gnu99;
				GCC_WARN_64_TO_32_BIT_CONVERSION = YES;
				GCC_WARN_ABOUT_RETURN_TYPE = YES_ERROR;
				GCC_WARN_UNDECLARED_SELECTOR = YES;
				GCC_WARN_UNINITIALIZED_AUTOS = YES;
				GCC_WARN_UNUSED_FUNCTION = YES;
				GCC_WARN_UNUSED_VARIABLE = YES;
				IPHONEOS_DEPLOYMENT_TARGET = 7.0;
				SDKROOT = iphoneos;
				VALIDATE_PRODUCT = YES;
			};
			name = Release;
		};
		33C347D118CEFE0700117A7B /* Debug */ = {
			isa = XCBuildConfiguration;
			buildSettings = {
				ASSETCATALOG_COMPILER_APPICON_NAME = AppIcon;
				ASSETCATALOG_COMPILER_LAUNCHIMAGE_NAME = LaunchImage;
				GCC_PRECOMPILE_PREFIX_HEADER = YES;
				GCC_PREFIX_HEADER = "TestViewTransform/TestViewTransform-Prefix.pch";
				INFOPLIST_FILE = "TestViewTransform/TestViewTransform-Info.plist";
				PRODUCT_NAME = "$(TARGET_NAME)";
				WRAPPER_EXTENSION = app;
			};
			name = Debug;
		};
		33C347D218CEFE0700117A7B /* Release */ = {
			isa = XCBuildConfiguration;
			buildSettings = {
				ASSETCATALOG_COMPILER_APPICON_NAME = AppIcon;
				ASSETCATALOG_COMPILER_LAUNCHIMAGE_NAME = LaunchImage;
				GCC_PRECOMPILE_PREFIX_HEADER = YES;
				GCC_PREFIX_HEADER = "TestViewTransform/TestViewTransform-Prefix.pch";
				INFOPLIST_FILE = "TestViewTransform/TestViewTransform-Info.plist";
				PRODUCT_NAME = "$(TARGET_NAME)";
				WRAPPER_EXTENSION = app;
			};
			name = Release;
		};
		33C347D418CEFE0700117A7B /* Debug */ = {
			isa = XCBuildConfiguration;
			buildSettings = {
				ARCHS = "$(ARCHS_STANDARD_INCLUDING_64_BIT)";
				BUNDLE_LOADER = "$(BUILT_PRODUCTS_DIR)/TestViewTransform.app/TestViewTransform";
				FRAMEWORK_SEARCH_PATHS = (
					"$(SDKROOT)/Developer/Library/Frameworks",
					"$(inherited)",
					"$(DEVELOPER_FRAMEWORKS_DIR)",
				);
				GCC_PRECOMPILE_PREFIX_HEADER = YES;
				GCC_PREFIX_HEADER = "TestViewTransform/TestViewTransform-Prefix.pch";
				GCC_PREPROCESSOR_DEFINITIONS = (
					"DEBUG=1",
					"$(inherited)",
				);
				INFOPLIST_FILE = "TestViewTransformTests/TestViewTransformTests-Info.plist";
				PRODUCT_NAME = "$(TARGET_NAME)";
				TEST_HOST = "$(BUNDLE_LOADER)";
				WRAPPER_EXTENSION = xctest;
			};
			name = Debug;
		};
		33C347D518CEFE0700117A7B /* Release */ = {
			isa = XCBuildConfiguration;
			buildSettings = {
				ARCHS = "$(ARCHS_STANDARD_INCLUDING_64_BIT)";
				BUNDLE_LOADER = "$(BUILT_PRODUCTS_DIR)/TestViewTransform.app/TestViewTransform";
				FRAMEWORK_SEARCH_PATHS = (
					"$(SDKROOT)/Developer/Library/Frameworks",
					"$(inherited)",
					"$(DEVELOPER_FRAMEWORKS_DIR)",
				);
				GCC_PRECOMPILE_PREFIX_HEADER = YES;
				GCC_PREFIX_HEADER = "TestViewTransform/TestViewTransform-Prefix.pch";
				INFOPLIST_FILE = "TestViewTransformTests/TestViewTransformTests-Info.plist";
				PRODUCT_NAME = "$(TARGET_NAME)";
				TEST_HOST = "$(BUNDLE_LOADER)";
				WRAPPER_EXTENSION = xctest;
			};
			name = Release;
		};
/* End XCBuildConfiguration section */

/* Begin XCConfigurationList section */
		33C3479918CEFE0700117A7B /* Build configuration list for PBXProject "TestViewTransform" */ = {
			isa = XCConfigurationList;
			buildConfigurations = (
				33C347CE18CEFE0700117A7B /* Debug */,
				33C347CF18CEFE0700117A7B /* Release */,
			);
			defaultConfigurationIsVisible = 0;
			defaultConfigurationName = Release;
		};
		33C347D018CEFE0700117A7B /* Build configuration list for PBXNativeTarget "TestViewTransform" */ = {
			isa = XCConfigurationList;
			buildConfigurations = (
				33C347D118CEFE0700117A7B /* Debug */,
				33C347D218CEFE0700117A7B /* Release */,
			);
			defaultConfigurationIsVisible = 0;
		};
		33C347D318CEFE0700117A7B /* Build configuration list for PBXNativeTarget "TestViewTransformTests" */ = {
			isa = XCConfigurationList;
			buildConfigurations = (
				33C347D418CEFE0700117A7B /* Debug */,
				33C347D518CEFE0700117A7B /* Release */,
			);
			defaultConfigurationIsVisible = 0;
		};
/* End XCConfigurationList section */
	};
	rootObject = 33C3479618CEFE0700117A7B /* Project object */;
}
