// !$*UTF8*$!
{
	archiveVersion = 1;
	classes = {
	};
	objectVersion = 46;
	objects = {

/* Begin PBXBuildFile section */
		33622C101777E30A006F7C11 /* UIKit.framework in Frameworks */ = {isa = PBXBuildFile; fileRef = 33622C0F1777E30A006F7C11 /* UIKit.framework */; };
		33622C121777E30A006F7C11 /* Foundation.framework in Frameworks */ = {isa = PBXBuildFile; fileRef = 33622C111777E30A006F7C11 /* Foundation.framework */; };
		33622C141777E30A006F7C11 /* CoreGraphics.framework in Frameworks */ = {isa = PBXBuildFile; fileRef = 33622C131777E30A006F7C11 /* CoreGraphics.framework */; };
		33622C1A1777E30A006F7C11 /* InfoPlist.strings in Resources */ = {isa = PBXBuildFile; fileRef = 33622C181777E30A006F7C11 /* InfoPlist.strings */; };
		33622C1C1777E30A006F7C11 /* main.m in Sources */ = {isa = PBXBuildFile; fileRef = 33622C1B1777E30A006F7C11 /* main.m */; };
		33622C201777E30B006F7C11 /* FBLoginAppDelegate.m in Sources */ = {isa = PBXBuildFile; fileRef = 33622C1F1777E30B006F7C11 /* FBLoginAppDelegate.m */; };
		33622C221777E30B006F7C11 /* Default.png in Resources */ = {isa = PBXBuildFile; fileRef = 33622C211777E30B006F7C11 /* Default.png */; };
		33622C241777E30B006F7C11 /* Default@2x.png in Resources */ = {isa = PBXBuildFile; fileRef = 33622C231777E30B006F7C11 /* Default@2x.png */; };
		33622C261777E30B006F7C11 /* Default-568h@2x.png in Resources */ = {isa = PBXBuildFile; fileRef = 33622C251777E30B006F7C11 /* Default-568h@2x.png */; };
		33622C291777E30B006F7C11 /* FBLoginViewController.m in Sources */ = {isa = PBXBuildFile; fileRef = 33622C281777E30B006F7C11 /* FBLoginViewController.m */; };
		33622C2C1777E30B006F7C11 /* FBLoginViewController_iPhone.xib in Resources */ = {isa = PBXBuildFile; fileRef = 33622C2A1777E30B006F7C11 /* FBLoginViewController_iPhone.xib */; };
		33622C2F1777E30B006F7C11 /* FBLoginViewController_iPad.xib in Resources */ = {isa = PBXBuildFile; fileRef = 33622C2D1777E30B006F7C11 /* FBLoginViewController_iPad.xib */; };
		33622C371777E339006F7C11 /* Accounts.framework in Frameworks */ = {isa = PBXBuildFile; fileRef = 33622C351777E339006F7C11 /* Accounts.framework */; };
		33622C381777E339006F7C11 /* AdSupport.framework in Frameworks */ = {isa = PBXBuildFile; fileRef = 33622C361777E339006F7C11 /* AdSupport.framework */; };
		33622C3A1777E346006F7C11 /* Social.framework in Frameworks */ = {isa = PBXBuildFile; fileRef = 33622C391777E346006F7C11 /* Social.framework */; };
		33622C3C1777E34D006F7C11 /* Security.framework in Frameworks */ = {isa = PBXBuildFile; fileRef = 33622C3B1777E34D006F7C11 /* Security.framework */; };
		33622C3E1777E35B006F7C11 /* libsqlite3.dylib in Frameworks */ = {isa = PBXBuildFile; fileRef = 33622C3D1777E35B006F7C11 /* libsqlite3.dylib */; };
		33622C401777E368006F7C11 /* FacebookSDK.framework in Frameworks */ = {isa = PBXBuildFile; fileRef = 33622C3F1777E368006F7C11 /* FacebookSDK.framework */; };
		33622C431777E75E006F7C11 /* FacebookSDKResources.bundle in Resources */ = {isa = PBXBuildFile; fileRef = 33622C411777E75E006F7C11 /* FacebookSDKResources.bundle */; };
		33622C441777E75E006F7C11 /* FBUserSettingsViewResources.bundle in Resources */ = {isa = PBXBuildFile; fileRef = 33622C421777E75E006F7C11 /* FBUserSettingsViewResources.bundle */; };
/* End PBXBuildFile section */

/* Begin PBXFileReference section */
		33622C0C1777E30A006F7C11 /* FBLoginiOS.app */ = {isa = PBXFileReference; explicitFileType = wrapper.application; includeInIndex = 0; path = FBLoginiOS.app; sourceTree = BUILT_PRODUCTS_DIR; };
		33622C0F1777E30A006F7C11 /* UIKit.framework */ = {isa = PBXFileReference; lastKnownFileType = wrapper.framework; name = UIKit.framework; path = System/Library/Frameworks/UIKit.framework; sourceTree = SDKROOT; };
		33622C111777E30A006F7C11 /* Foundation.framework */ = {isa = PBXFileReference; lastKnownFileType = wrapper.framework; name = Foundation.framework; path = System/Library/Frameworks/Foundation.framework; sourceTree = SDKROOT; };
		33622C131777E30A006F7C11 /* CoreGraphics.framework */ = {isa = PBXFileReference; lastKnownFileType = wrapper.framework; name = CoreGraphics.framework; path = System/Library/Frameworks/CoreGraphics.framework; sourceTree = SDKROOT; };
		33622C171777E30A006F7C11 /* FBLoginiOS-Info.plist */ = {isa = PBXFileReference; lastKnownFileType = text.plist.xml; path = "FBLoginiOS-Info.plist"; sourceTree = "<group>"; };
		33622C191777E30A006F7C11 /* en */ = {isa = PBXFileReference; lastKnownFileType = text.plist.strings; name = en; path = en.lproj/InfoPlist.strings; sourceTree = "<group>"; };
		33622C1B1777E30A006F7C11 /* main.m */ = {isa = PBXFileReference; lastKnownFileType = sourcecode.c.objc; path = main.m; sourceTree = "<group>"; };
		33622C1D1777E30A006F7C11 /* FBLoginiOS-Prefix.pch */ = {isa = PBXFileReference; lastKnownFileType = sourcecode.c.h; path = "FBLoginiOS-Prefix.pch"; sourceTree = "<group>"; };
		33622C1E1777E30B006F7C11 /* FBLoginAppDelegate.h */ = {isa = PBXFileReference; lastKnownFileType = sourcecode.c.h; path = FBLoginAppDelegate.h; sourceTree = "<group>"; };
		33622C1F1777E30B006F7C11 /* FBLoginAppDelegate.m */ = {isa = PBXFileReference; lastKnownFileType = sourcecode.c.objc; path = FBLoginAppDelegate.m; sourceTree = "<group>"; };
		33622C211777E30B006F7C11 /* Default.png */ = {isa = PBXFileReference; lastKnownFileType = image.png; path = Default.png; sourceTree = "<group>"; };
		33622C231777E30B006F7C11 /* Default@2x.png */ = {isa = PBXFileReference; lastKnownFileType = image.png; path = "Default@2x.png"; sourceTree = "<group>"; };
		33622C251777E30B006F7C11 /* Default-568h@2x.png */ = {isa = PBXFileReference; lastKnownFileType = image.png; path = "Default-568h@2x.png"; sourceTree = "<group>"; };
		33622C271777E30B006F7C11 /* FBLoginViewController.h */ = {isa = PBXFileReference; lastKnownFileType = sourcecode.c.h; path = FBLoginViewController.h; sourceTree = "<group>"; };
		33622C281777E30B006F7C11 /* FBLoginViewController.m */ = {isa = PBXFileReference; lastKnownFileType = sourcecode.c.objc; path = FBLoginViewController.m; sourceTree = "<group>"; };
		33622C2B1777E30B006F7C11 /* en */ = {isa = PBXFileReference; lastKnownFileType = file.xib; name = en; path = en.lproj/FBLoginViewController_iPhone.xib; sourceTree = "<group>"; };
		33622C2E1777E30B006F7C11 /* en */ = {isa = PBXFileReference; lastKnownFileType = file.xib; name = en; path = en.lproj/FBLoginViewController_iPad.xib; sourceTree = "<group>"; };
		33622C351777E339006F7C11 /* Accounts.framework */ = {isa = PBXFileReference; lastKnownFileType = wrapper.framework; name = Accounts.framework; path = System/Library/Frameworks/Accounts.framework; sourceTree = SDKROOT; };
		33622C361777E339006F7C11 /* AdSupport.framework */ = {isa = PBXFileReference; lastKnownFileType = wrapper.framework; name = AdSupport.framework; path = System/Library/Frameworks/AdSupport.framework; sourceTree = SDKROOT; };
		33622C391777E346006F7C11 /* Social.framework */ = {isa = PBXFileReference; lastKnownFileType = wrapper.framework; name = Social.framework; path = System/Library/Frameworks/Social.framework; sourceTree = SDKROOT; };
		33622C3B1777E34D006F7C11 /* Security.framework */ = {isa = PBXFileReference; lastKnownFileType = wrapper.framework; name = Security.framework; path = System/Library/Frameworks/Security.framework; sourceTree = SDKROOT; };
		33622C3D1777E35B006F7C11 /* libsqlite3.dylib */ = {isa = PBXFileReference; lastKnownFileType = "compiled.mach-o.dylib"; name = libsqlite3.dylib; path = usr/lib/libsqlite3.dylib; sourceTree = SDKROOT; };
		33622C3F1777E368006F7C11 /* FacebookSDK.framework */ = {isa = PBXFileReference; lastKnownFileType = wrapper.framework; name = FacebookSDK.framework; path = ../../Documents/FacebookSDK/FacebookSDK.framework; sourceTree = "<group>"; };
		33622C411777E75E006F7C11 /* FacebookSDKResources.bundle */ = {isa = PBXFileReference; lastKnownFileType = "wrapper.plug-in"; path = FacebookSDKResources.bundle; sourceTree = "<group>"; };
		33622C421777E75E006F7C11 /* FBUserSettingsViewResources.bundle */ = {isa = PBXFileReference; lastKnownFileType = "wrapper.plug-in"; path = FBUserSettingsViewResources.bundle; sourceTree = "<group>"; };
/* End PBXFileReference section */

/* Begin PBXFrameworksBuildPhase section */
		33622C091777E30A006F7C11 /* Frameworks */ = {
			isa = PBXFrameworksBuildPhase;
			buildActionMask = 2147483647;
			files = (
				33622C401777E368006F7C11 /* FacebookSDK.framework in Frameworks */,
				33622C3E1777E35B006F7C11 /* libsqlite3.dylib in Frameworks */,
				33622C3C1777E34D006F7C11 /* Security.framework in Frameworks */,
				33622C3A1777E346006F7C11 /* Social.framework in Frameworks */,
				33622C371777E339006F7C11 /* Accounts.framework in Frameworks */,
				33622C381777E339006F7C11 /* AdSupport.framework in Frameworks */,
				33622C101777E30A006F7C11 /* UIKit.framework in Frameworks */,
				33622C121777E30A006F7C11 /* Foundation.framework in Frameworks */,
				33622C141777E30A006F7C11 /* CoreGraphics.framework in Frameworks */,
			);
			runOnlyForDeploymentPostprocessing = 0;
		};
/* End PBXFrameworksBuildPhase section */

/* Begin PBXGroup section */
		33622C031777E30A006F7C11 = {
			isa = PBXGroup;
			children = (
				33622C151777E30A006F7C11 /* FBLoginiOS */,
				33622C0E1777E30A006F7C11 /* Frameworks */,
				33622C0D1777E30A006F7C11 /* Products */,
			);
			sourceTree = "<group>";
		};
		33622C0D1777E30A006F7C11 /* Products */ = {
			isa = PBXGroup;
			children = (
				33622C0C1777E30A006F7C11 /* FBLoginiOS.app */,
			);
			name = Products;
			sourceTree = "<group>";
		};
		33622C0E1777E30A006F7C11 /* Frameworks */ = {
			isa = PBXGroup;
			children = (
				33622C351777E339006F7C11 /* Accounts.framework */,
				33622C361777E339006F7C11 /* AdSupport.framework */,
				33622C131777E30A006F7C11 /* CoreGraphics.framework */,
				33622C3F1777E368006F7C11 /* FacebookSDK.framework */,
				33622C411777E75E006F7C11 /* FacebookSDKResources.bundle */,
				33622C421777E75E006F7C11 /* FBUserSettingsViewResources.bundle */,
				33622C111777E30A006F7C11 /* Foundation.framework */,
				33622C3D1777E35B006F7C11 /* libsqlite3.dylib */,
				33622C3B1777E34D006F7C11 /* Security.framework */,
				33622C391777E346006F7C11 /* Social.framework */,
				33622C0F1777E30A006F7C11 /* UIKit.framework */,
			);
			name = Frameworks;
			sourceTree = "<group>";
		};
		33622C151777E30A006F7C11 /* FBLoginiOS */ = {
			isa = PBXGroup;
			children = (
				33622C1E1777E30B006F7C11 /* FBLoginAppDelegate.h */,
				33622C1F1777E30B006F7C11 /* FBLoginAppDelegate.m */,
				33622C271777E30B006F7C11 /* FBLoginViewController.h */,
				33622C281777E30B006F7C11 /* FBLoginViewController.m */,
				33622C2A1777E30B006F7C11 /* FBLoginViewController_iPhone.xib */,
				33622C2D1777E30B006F7C11 /* FBLoginViewController_iPad.xib */,
				33622C161777E30A006F7C11 /* Supporting Files */,
			);
			path = FBLoginiOS;
			sourceTree = "<group>";
		};
		33622C161777E30A006F7C11 /* Supporting Files */ = {
			isa = PBXGroup;
			children = (
				33622C171777E30A006F7C11 /* FBLoginiOS-Info.plist */,
				33622C181777E30A006F7C11 /* InfoPlist.strings */,
				33622C1B1777E30A006F7C11 /* main.m */,
				33622C1D1777E30A006F7C11 /* FBLoginiOS-Prefix.pch */,
				33622C211777E30B006F7C11 /* Default.png */,
				33622C231777E30B006F7C11 /* Default@2x.png */,
				33622C251777E30B006F7C11 /* Default-568h@2x.png */,
			);
			name = "Supporting Files";
			sourceTree = "<group>";
		};
/* End PBXGroup section */

/* Begin PBXNativeTarget section */
		33622C0B1777E30A006F7C11 /* FBLoginiOS */ = {
			isa = PBXNativeTarget;
			buildConfigurationList = 33622C321777E30B006F7C11 /* Build configuration list for PBXNativeTarget "FBLoginiOS" */;
			buildPhases = (
				33622C081777E30A006F7C11 /* Sources */,
				33622C091777E30A006F7C11 /* Frameworks */,
				33622C0A1777E30A006F7C11 /* Resources */,
			);
			buildRules = (
			);
			dependencies = (
			);
			name = FBLoginiOS;
			productName = FBLoginiOS;
			productReference = 33622C0C1777E30A006F7C11 /* FBLoginiOS.app */;
			productType = "com.apple.product-type.application";
		};
/* End PBXNativeTarget section */

/* Begin PBXProject section */
		33622C041777E30A006F7C11 /* Project object */ = {
			isa = PBXProject;
			attributes = {
				CLASSPREFIX = FBLogin;
				LastUpgradeCheck = 0460;
				ORGANIZATIONNAME = "Thor Lin";
			};
			buildConfigurationList = 33622C071777E30A006F7C11 /* Build configuration list for PBXProject "FBLoginiOS" */;
			compatibilityVersion = "Xcode 3.2";
			developmentRegion = English;
			hasScannedForEncodings = 0;
			knownRegions = (
				en,
			);
			mainGroup = 33622C031777E30A006F7C11;
			productRefGroup = 33622C0D1777E30A006F7C11 /* Products */;
			projectDirPath = "";
			projectRoot = "";
			targets = (
				33622C0B1777E30A006F7C11 /* FBLoginiOS */,
			);
		};
/* End PBXProject section */

/* Begin PBXResourcesBuildPhase section */
		33622C0A1777E30A006F7C11 /* Resources */ = {
			isa = PBXResourcesBuildPhase;
			buildActionMask = 2147483647;
			files = (
				33622C1A1777E30A006F7C11 /* InfoPlist.strings in Resources */,
				33622C221777E30B006F7C11 /* Default.png in Resources */,
				33622C241777E30B006F7C11 /* Default@2x.png in Resources */,
				33622C261777E30B006F7C11 /* Default-568h@2x.png in Resources */,
				33622C2C1777E30B006F7C11 /* FBLoginViewController_iPhone.xib in Resources */,
				33622C2F1777E30B006F7C11 /* FBLoginViewController_iPad.xib in Resources */,
				33622C431777E75E006F7C11 /* FacebookSDKResources.bundle in Resources */,
				33622C441777E75E006F7C11 /* FBUserSettingsViewResources.bundle in Resources */,
			);
			runOnlyForDeploymentPostprocessing = 0;
		};
/* End PBXResourcesBuildPhase section */

/* Begin PBXSourcesBuildPhase section */
		33622C081777E30A006F7C11 /* Sources */ = {
			isa = PBXSourcesBuildPhase;
			buildActionMask = 2147483647;
			files = (
				33622C1C1777E30A006F7C11 /* main.m in Sources */,
				33622C201777E30B006F7C11 /* FBLoginAppDelegate.m in Sources */,
				33622C291777E30B006F7C11 /* FBLoginViewController.m in Sources */,
			);
			runOnlyForDeploymentPostprocessing = 0;
		};
/* End PBXSourcesBuildPhase section */

/* Begin PBXVariantGroup section */
		33622C181777E30A006F7C11 /* InfoPlist.strings */ = {
			isa = PBXVariantGroup;
			children = (
				33622C191777E30A006F7C11 /* en */,
			);
			name = InfoPlist.strings;
			sourceTree = "<group>";
		};
		33622C2A1777E30B006F7C11 /* FBLoginViewController_iPhone.xib */ = {
			isa = PBXVariantGroup;
			children = (
				33622C2B1777E30B006F7C11 /* en */,
			);
			name = FBLoginViewController_iPhone.xib;
			sourceTree = "<group>";
		};
		33622C2D1777E30B006F7C11 /* FBLoginViewController_iPad.xib */ = {
			isa = PBXVariantGroup;
			children = (
				33622C2E1777E30B006F7C11 /* en */,
			);
			name = FBLoginViewController_iPad.xib;
			sourceTree = "<group>";
		};
/* End PBXVariantGroup section */

/* Begin XCBuildConfiguration section */
		33622C301777E30B006F7C11 /* Debug */ = {
			isa = XCBuildConfiguration;
			buildSettings = {
				ALWAYS_SEARCH_USER_PATHS = NO;
				CLANG_CXX_LANGUAGE_STANDARD = "gnu++0x";
				CLANG_CXX_LIBRARY = "libc++";
				CLANG_ENABLE_OBJC_ARC = YES;
				CLANG_WARN_CONSTANT_CONVERSION = YES;
				CLANG_WARN_EMPTY_BODY = YES;
				CLANG_WARN_ENUM_CONVERSION = YES;
				CLANG_WARN_INT_CONVERSION = YES;
				CLANG_WARN__DUPLICATE_METHOD_MATCH = YES;
				"CODE_SIGN_IDENTITY[sdk=iphoneos*]" = "iPhone Developer";
				COPY_PHASE_STRIP = NO;
				GCC_C_LANGUAGE_STANDARD = gnu99;
				GCC_DYNAMIC_NO_PIC = NO;
				GCC_OPTIMIZATION_LEVEL = 0;
				GCC_PREPROCESSOR_DEFINITIONS = (
					"DEBUG=1",
					"$(inherited)",
				);
				GCC_SYMBOLS_PRIVATE_EXTERN = NO;
				GCC_WARN_ABOUT_RETURN_TYPE = YES;
				GCC_WARN_UNINITIALIZED_AUTOS = YES;
				GCC_WARN_UNUSED_VARIABLE = YES;
				IPHONEOS_DEPLOYMENT_TARGET = 6.1;
				ONLY_ACTIVE_ARCH = YES;
				SDKROOT = iphoneos;
				TARGETED_DEVICE_FAMILY = "1,2";
			};
			name = Debug;
		};
		33622C311777E30B006F7C11 /* Release */ = {
			isa = XCBuildConfiguration;
			buildSettings = {
				ALWAYS_SEARCH_USER_PATHS = NO;
				CLANG_CXX_LANGUAGE_STANDARD = "gnu++0x";
				CLANG_CXX_LIBRARY = "libc++";
				CLANG_ENABLE_OBJC_ARC = YES;
				CLANG_WARN_CONSTANT_CONVERSION = YES;
				CLANG_WARN_EMPTY_BODY = YES;
				CLANG_WARN_ENUM_CONVERSION = YES;
				CLANG_WARN_INT_CONVERSION = YES;
				CLANG_WARN__DUPLICATE_METHOD_MATCH = YES;
				"CODE_SIGN_IDENTITY[sdk=iphoneos*]" = "iPhone Developer";
				COPY_PHASE_STRIP = YES;
				GCC_C_LANGUAGE_STANDARD = gnu99;
				GCC_WARN_ABOUT_RETURN_TYPE = YES;
				GCC_WARN_UNINITIALIZED_AUTOS = YES;
				GCC_WARN_UNUSED_VARIABLE = YES;
				IPHONEOS_DEPLOYMENT_TARGET = 6.1;
				OTHER_CFLAGS = "-DNS_BLOCK_ASSERTIONS=1";
				SDKROOT = iphoneos;
				TARGETED_DEVICE_FAMILY = "1,2";
				VALIDATE_PRODUCT = YES;
			};
			name = Release;
		};
		33622C331777E30B006F7C11 /* Debug */ = {
			isa = XCBuildConfiguration;
			buildSettings = {
				FRAMEWORK_SEARCH_PATHS = (
					"$(inherited)",
					"\"$(SRCROOT)/../../Documents/FacebookSDK\"",
				);
				GCC_PRECOMPILE_PREFIX_HEADER = YES;
				GCC_PREFIX_HEADER = "FBLoginiOS/FBLoginiOS-Prefix.pch";
				INFOPLIST_FILE = "FBLoginiOS/FBLoginiOS-Info.plist";
				PRODUCT_NAME = "$(TARGET_NAME)";
				WRAPPER_EXTENSION = app;
			};
			name = Debug;
		};
		33622C341777E30B006F7C11 /* Release */ = {
			isa = XCBuildConfiguration;
			buildSettings = {
				FRAMEWORK_SEARCH_PATHS = (
					"$(inherited)",
					"\"$(SRCROOT)/../../Documents/FacebookSDK\"",
				);
				GCC_PRECOMPILE_PREFIX_HEADER = YES;
				GCC_PREFIX_HEADER = "FBLoginiOS/FBLoginiOS-Prefix.pch";
				INFOPLIST_FILE = "FBLoginiOS/FBLoginiOS-Info.plist";
				PRODUCT_NAME = "$(TARGET_NAME)";
				WRAPPER_EXTENSION = app;
			};
			name = Release;
		};
/* End XCBuildConfiguration section */

/* Begin XCConfigurationList section */
		33622C071777E30A006F7C11 /* Build configuration list for PBXProject "FBLoginiOS" */ = {
			isa = XCConfigurationList;
			buildConfigurations = (
				33622C301777E30B006F7C11 /* Debug */,
				33622C311777E30B006F7C11 /* Release */,
			);
			defaultConfigurationIsVisible = 0;
			defaultConfigurationName = Release;
		};
		33622C321777E30B006F7C11 /* Build configuration list for PBXNativeTarget "FBLoginiOS" */ = {
			isa = XCConfigurationList;
			buildConfigurations = (
				33622C331777E30B006F7C11 /* Debug */,
				33622C341777E30B006F7C11 /* Release */,
			);
			defaultConfigurationIsVisible = 0;
		};
/* End XCConfigurationList section */
	};
	rootObject = 33622C041777E30A006F7C11 /* Project object */;
}
